// !$*UTF8*$!
{
	archiveVersion = 1;
	classes = {
	};
	objectVersion = 45;
	objects = {

/* Begin PBXBuildFile section */
		1D3623260D0F684500981E51 /* Panoramic.m in Sources */ = {isa = PBXBuildFile; fileRef = 1D3623250D0F684500981E51 /* Panoramic.m */; };
		1D60589B0D05DD56006BFB54 /* main.m in Sources */ = {isa = PBXBuildFile; fileRef = 29B97316FDCFA39411CA2CEA /* main.m */; };
		1D60589F0D05DD5A006BFB54 /* Foundation.framework in Frameworks */ = {isa = PBXBuildFile; fileRef = 1D30AB110D05D00D00671497 /* Foundation.framework */; };
		1DF5F4E00D08C38300B7A737 /* UIKit.framework in Frameworks */ = {isa = PBXBuildFile; fileRef = 1DF5F4DF0D08C38300B7A737 /* UIKit.framework */; };
		280E754D0DD40C5E005A515E /* FlipsideView.xib in Resources */ = {isa = PBXBuildFile; fileRef = 280E754A0DD40C5E005A515E /* FlipsideView.xib */; };
		280E754E0DD40C5E005A515E /* MainView.xib in Resources */ = {isa = PBXBuildFile; fileRef = 280E754B0DD40C5E005A515E /* MainView.xib */; };
		280E754F0DD40C5E005A515E /* MainWindow.xib in Resources */ = {isa = PBXBuildFile; fileRef = 280E754C0DD40C5E005A515E /* MainWindow.xib */; };
		288765590DF743DE002DB57D /* CoreGraphics.framework in Frameworks */ = {isa = PBXBuildFile; fileRef = 288765580DF743DE002DB57D /* CoreGraphics.framework */; };
		289233A60DB2D0840083E9F9 /* FlipsideView.m in Sources */ = {isa = PBXBuildFile; fileRef = 289233A30DB2D0840083E9F9 /* FlipsideView.m */; };
		289233A70DB2D0840083E9F9 /* MainView.m in Sources */ = {isa = PBXBuildFile; fileRef = 289233A50DB2D0840083E9F9 /* MainView.m */; };
		289233AE0DB2D0DB0083E9F9 /* MainViewController.m in Sources */ = {isa = PBXBuildFile; fileRef = 289233A90DB2D0DB0083E9F9 /* MainViewController.m */; };
		289233B00DB2D0DB0083E9F9 /* FlipsideViewController.m in Sources */ = {isa = PBXBuildFile; fileRef = 289233AD0DB2D0DB0083E9F9 /* FlipsideViewController.m */; };
		4D362E401132F3B800B4724A /* DPad_BG.png in Resources */ = {isa = PBXBuildFile; fileRef = 4D362E3D1132F3B800B4724A /* DPad_BG.png */; };
		4D362E411132F3B800B4724A /* 64_white.png in Resources */ = {isa = PBXBuildFile; fileRef = 4D362E3E1132F3B800B4724A /* 64_white.png */; };
		4D362E421132F3B800B4724A /* 128_white.png in Resources */ = {isa = PBXBuildFile; fileRef = 4D362E3F1132F3B800B4724A /* 128_white.png */; };
		4D362F87113314D700B4724A /* 84_white.png in Resources */ = {isa = PBXBuildFile; fileRef = 4D362F86113314D700B4724A /* 84_white.png */; };
		4D443B2711755D2A007C4C9F /* lib3DAR.a in Frameworks */ = {isa = PBXBuildFile; fileRef = 4D443B2611755D2A007C4C9F /* lib3DAR.a */; };
		4D443B5911755FA2007C4C9F /* AsyncArtworkFetcher.m in Sources */ = {isa = PBXBuildFile; fileRef = 4D443B5811755FA2007C4C9F /* AsyncArtworkFetcher.m */; };
		4D443B6011755FF9007C4C9F /* CubeView.mm in Sources */ = {isa = PBXBuildFile; fileRef = 4D443B5F11755FF9007C4C9F /* CubeView.mm */; };
		4D59E6631130B28B00AD04A7 /* 3dar.plist in Resources */ = {isa = PBXBuildFile; fileRef = 4D59E65A1130B28B00AD04A7 /* 3dar.plist */; };
		4D59E6641130B28B00AD04A7 /* 3dar_logo.png in Resources */ = {isa = PBXBuildFile; fileRef = 4D59E65B1130B28B00AD04A7 /* 3dar_logo.png */; };
		4D59E6651130B28B00AD04A7 /* 3dar_marker_icon1.png in Resources */ = {isa = PBXBuildFile; fileRef = 4D59E65C1130B28B00AD04A7 /* 3dar_marker_icon1.png */; };
		4D59E6661130B28B00AD04A7 /* 3dar_marker_icon2.png in Resources */ = {isa = PBXBuildFile; fileRef = 4D59E65D1130B28B00AD04A7 /* 3dar_marker_icon2.png */; };
		4D59E6671130B28B00AD04A7 /* 3dar_marker_icon3.png in Resources */ = {isa = PBXBuildFile; fileRef = 4D59E65E1130B28B00AD04A7 /* 3dar_marker_icon3.png */; };
		4D59E6681130B28B00AD04A7 /* 3dar_marker_icon4.png in Resources */ = {isa = PBXBuildFile; fileRef = 4D59E65F1130B28B00AD04A7 /* 3dar_marker_icon4.png */; };
		4D59E6691130B28B00AD04A7 /* 3dar_marker_icon5.png in Resources */ = {isa = PBXBuildFile; fileRef = 4D59E6601130B28B00AD04A7 /* 3dar_marker_icon5.png */; };
		4D59E66A1130B28B00AD04A7 /* 3dar_marker_icon6.png in Resources */ = {isa = PBXBuildFile; fileRef = 4D59E6611130B28B00AD04A7 /* 3dar_marker_icon6.png */; };
		4D59E6781130B33C00AD04A7 /* CoreLocation.framework in Frameworks */ = {isa = PBXBuildFile; fileRef = 4D59E6771130B33C00AD04A7 /* CoreLocation.framework */; };
		4D59E67A1130B33C00AD04A7 /* OpenGLES.framework in Frameworks */ = {isa = PBXBuildFile; fileRef = 4D59E6791130B33C00AD04A7 /* OpenGLES.framework */; };
		4D59E67C1130B33C00AD04A7 /* QuartzCore.framework in Frameworks */ = {isa = PBXBuildFile; fileRef = 4D59E67B1130B33C00AD04A7 /* QuartzCore.framework */; };
		4D59E68A1130B3C400AD04A7 /* MapKit.framework in Frameworks */ = {isa = PBXBuildFile; fileRef = 4D59E6891130B3C400AD04A7 /* MapKit.framework */; };
		4D59E6C31130B40F00AD04A7 /* Default.png in Resources */ = {isa = PBXBuildFile; fileRef = 4D59E6C11130B40F00AD04A7 /* Default.png */; };
		4D59E6C41130B40F00AD04A7 /* Icon.png in Resources */ = {isa = PBXBuildFile; fileRef = 4D59E6C21130B40F00AD04A7 /* Icon.png */; };
		4D59E6D11130B43400AD04A7 /* SM3DAR_keys.txt in Resources */ = {isa = PBXBuildFile; fileRef = 4D59E6CE1130B43400AD04A7 /* SM3DAR_keys.txt */; };
		4D59E6D21130B43400AD04A7 /* bubble1.png in Resources */ = {isa = PBXBuildFile; fileRef = 4D59E6CF1130B43400AD04A7 /* bubble1.png */; };
		4D59E6D31130B43400AD04A7 /* compass_rose.png in Resources */ = {isa = PBXBuildFile; fileRef = 4D59E6D01130B43400AD04A7 /* compass_rose.png */; };
		4D5ABDE3114324B400F689D2 /* SphereView.mm in Sources */ = {isa = PBXBuildFile; fileRef = 4D5ABDB0114324B400F689D2 /* SphereView.mm */; };
		4D5ABDE4114324B400F689D2 /* TexturedGeometryView.mm in Sources */ = {isa = PBXBuildFile; fileRef = 4D5ABDB2114324B400F689D2 /* TexturedGeometryView.mm */; };
		4D7350E511349C0A00331FE3 /* sphere.pano.png in Resources */ = {isa = PBXBuildFile; fileRef = 4D7350E411349C0A00331FE3 /* sphere.pano.png */; };
		4D7350E711349FC800331FE3 /* cube.pano.png in Resources */ = {isa = PBXBuildFile; fileRef = 4D7350E611349FC800331FE3 /* cube.pano.png */; };
		4DF5082B1141937E00F55C3F /* sphere.schauspielhaus_hamburg.pano.png in Resources */ = {isa = PBXBuildFile; fileRef = 4DF5082A1141937E00F55C3F /* sphere.schauspielhaus_hamburg.pano.png */; };
		4DF5082D114193C200F55C3F /* sphere.timezones.pano.png in Resources */ = {isa = PBXBuildFile; fileRef = 4DF5082C114193C200F55C3F /* sphere.timezones.pano.png */; };
/* End PBXBuildFile section */

/* Begin PBXFileReference section */
		1D30AB110D05D00D00671497 /* Foundation.framework */ = {isa = PBXFileReference; lastKnownFileType = wrapper.framework; name = Foundation.framework; path = System/Library/Frameworks/Foundation.framework; sourceTree = SDKROOT; };
		1D3623240D0F684500981E51 /* Panoramic.h */ = {isa = PBXFileReference; fileEncoding = 4; lastKnownFileType = sourcecode.c.h; path = Panoramic.h; sourceTree = "<group>"; };
		1D3623250D0F684500981E51 /* Panoramic.m */ = {isa = PBXFileReference; fileEncoding = 4; lastKnownFileType = sourcecode.c.objc; path = Panoramic.m; sourceTree = "<group>"; };
		1D6058910D05DD3D006BFB54 /* Panoramic.app */ = {isa = PBXFileReference; explicitFileType = wrapper.application; includeInIndex = 0; path = Panoramic.app; sourceTree = BUILT_PRODUCTS_DIR; };
		1DF5F4DF0D08C38300B7A737 /* UIKit.framework */ = {isa = PBXFileReference; lastKnownFileType = wrapper.framework; name = UIKit.framework; path = System/Library/Frameworks/UIKit.framework; sourceTree = SDKROOT; };
		280E754A0DD40C5E005A515E /* FlipsideView.xib */ = {isa = PBXFileReference; lastKnownFileType = file.xib; path = FlipsideView.xib; sourceTree = "<group>"; };
		280E754B0DD40C5E005A515E /* MainView.xib */ = {isa = PBXFileReference; lastKnownFileType = file.xib; path = MainView.xib; sourceTree = "<group>"; };
		280E754C0DD40C5E005A515E /* MainWindow.xib */ = {isa = PBXFileReference; lastKnownFileType = file.xib; path = MainWindow.xib; sourceTree = "<group>"; };
		288765580DF743DE002DB57D /* CoreGraphics.framework */ = {isa = PBXFileReference; lastKnownFileType = wrapper.framework; name = CoreGraphics.framework; path = System/Library/Frameworks/CoreGraphics.framework; sourceTree = SDKROOT; };
		289233A20DB2D0840083E9F9 /* FlipsideView.h */ = {isa = PBXFileReference; fileEncoding = 4; lastKnownFileType = sourcecode.c.h; name = FlipsideView.h; path = Classes/FlipsideView.h; sourceTree = "<group>"; };
		289233A30DB2D0840083E9F9 /* FlipsideView.m */ = {isa = PBXFileReference; fileEncoding = 4; lastKnownFileType = sourcecode.c.objc; name = FlipsideView.m; path = Classes/FlipsideView.m; sourceTree = "<group>"; };
		289233A40DB2D0840083E9F9 /* MainView.h */ = {isa = PBXFileReference; fileEncoding = 4; lastKnownFileType = sourcecode.c.h; name = MainView.h; path = Classes/MainView.h; sourceTree = "<group>"; };
		289233A50DB2D0840083E9F9 /* MainView.m */ = {isa = PBXFileReference; fileEncoding = 4; lastKnownFileType = sourcecode.c.objc; name = MainView.m; path = Classes/MainView.m; sourceTree = "<group>"; };
		289233A80DB2D0DB0083E9F9 /* MainViewController.h */ = {isa = PBXFileReference; fileEncoding = 4; lastKnownFileType = sourcecode.c.h; name = MainViewController.h; path = Classes/MainViewController.h; sourceTree = "<group>"; };
		289233A90DB2D0DB0083E9F9 /* MainViewController.m */ = {isa = PBXFileReference; fileEncoding = 4; lastKnownFileType = sourcecode.c.objc; name = MainViewController.m; path = Classes/MainViewController.m; sourceTree = "<group>"; };
		289233AC0DB2D0DB0083E9F9 /* FlipsideViewController.h */ = {isa = PBXFileReference; fileEncoding = 4; lastKnownFileType = sourcecode.c.h; name = FlipsideViewController.h; path = Classes/FlipsideViewController.h; sourceTree = "<group>"; };
		289233AD0DB2D0DB0083E9F9 /* FlipsideViewController.m */ = {isa = PBXFileReference; fileEncoding = 4; lastKnownFileType = sourcecode.c.objc; name = FlipsideViewController.m; path = Classes/FlipsideViewController.m; sourceTree = "<group>"; };
		29B97316FDCFA39411CA2CEA /* main.m */ = {isa = PBXFileReference; fileEncoding = 4; lastKnownFileType = sourcecode.c.objc; path = main.m; sourceTree = "<group>"; };
		32CA4F630368D1EE00C91783 /* Panoramic_Prefix.pch */ = {isa = PBXFileReference; fileEncoding = 4; lastKnownFileType = sourcecode.c.h; path = Panoramic_Prefix.pch; sourceTree = "<group>"; };
		4D362E3D1132F3B800B4724A /* DPad_BG.png */ = {isa = PBXFileReference; lastKnownFileType = image.png; path = DPad_BG.png; sourceTree = "<group>"; };
		4D362E3E1132F3B800B4724A /* 64_white.png */ = {isa = PBXFileReference; lastKnownFileType = image.png; path = 64_white.png; sourceTree = "<group>"; };
		4D362E3F1132F3B800B4724A /* 128_white.png */ = {isa = PBXFileReference; lastKnownFileType = image.png; path = 128_white.png; sourceTree = "<group>"; };
		4D362F86113314D700B4724A /* 84_white.png */ = {isa = PBXFileReference; lastKnownFileType = image.png; path = 84_white.png; sourceTree = "<group>"; };
		4D443B2611755D2A007C4C9F /* lib3DAR.a */ = {isa = PBXFileReference; lastKnownFileType = archive.ar; path = lib3DAR.a; sourceTree = "<group>"; };
		4D443B5711755FA2007C4C9F /* AsyncArtworkFetcher.h */ = {isa = PBXFileReference; fileEncoding = 4; lastKnownFileType = sourcecode.c.h; name = AsyncArtworkFetcher.h; path = Classes/AsyncArtworkFetcher.h; sourceTree = "<group>"; };
		4D443B5811755FA2007C4C9F /* AsyncArtworkFetcher.m */ = {isa = PBXFileReference; fileEncoding = 4; lastKnownFileType = sourcecode.c.objc; name = AsyncArtworkFetcher.m; path = Classes/AsyncArtworkFetcher.m; sourceTree = "<group>"; };
		4D443B5E11755FF9007C4C9F /* CubeView.h */ = {isa = PBXFileReference; fileEncoding = 4; lastKnownFileType = sourcecode.c.h; name = CubeView.h; path = Classes/CubeView.h; sourceTree = "<group>"; };
		4D443B5F11755FF9007C4C9F /* CubeView.mm */ = {isa = PBXFileReference; fileEncoding = 4; lastKnownFileType = sourcecode.cpp.objcpp; name = CubeView.mm; path = Classes/CubeView.mm; sourceTree = "<group>"; };
		4D59E65A1130B28B00AD04A7 /* 3dar.plist */ = {isa = PBXFileReference; fileEncoding = 4; lastKnownFileType = text.plist.xml; path = 3dar.plist; sourceTree = "<group>"; };
		4D59E65B1130B28B00AD04A7 /* 3dar_logo.png */ = {isa = PBXFileReference; lastKnownFileType = image.png; path = 3dar_logo.png; sourceTree = "<group>"; };
		4D59E65C1130B28B00AD04A7 /* 3dar_marker_icon1.png */ = {isa = PBXFileReference; lastKnownFileType = image.png; path = 3dar_marker_icon1.png; sourceTree = "<group>"; };
		4D59E65D1130B28B00AD04A7 /* 3dar_marker_icon2.png */ = {isa = PBXFileReference; lastKnownFileType = image.png; path = 3dar_marker_icon2.png; sourceTree = "<group>"; };
		4D59E65E1130B28B00AD04A7 /* 3dar_marker_icon3.png */ = {isa = PBXFileReference; lastKnownFileType = image.png; path = 3dar_marker_icon3.png; sourceTree = "<group>"; };
		4D59E65F1130B28B00AD04A7 /* 3dar_marker_icon4.png */ = {isa = PBXFileReference; lastKnownFileType = image.png; path = 3dar_marker_icon4.png; sourceTree = "<group>"; };
		4D59E6601130B28B00AD04A7 /* 3dar_marker_icon5.png */ = {isa = PBXFileReference; lastKnownFileType = image.png; path = 3dar_marker_icon5.png; sourceTree = "<group>"; };
		4D59E6611130B28B00AD04A7 /* 3dar_marker_icon6.png */ = {isa = PBXFileReference; lastKnownFileType = image.png; path = 3dar_marker_icon6.png; sourceTree = "<group>"; };
		4D59E6721130B2D500AD04A7 /* SM3DAR.h */ = {isa = PBXFileReference; fileEncoding = 4; lastKnownFileType = sourcecode.c.h; path = SM3DAR.h; sourceTree = "<group>"; };
		4D59E6771130B33C00AD04A7 /* CoreLocation.framework */ = {isa = PBXFileReference; lastKnownFileType = wrapper.framework; name = CoreLocation.framework; path = System/Library/Frameworks/CoreLocation.framework; sourceTree = SDKROOT; };
		4D59E6791130B33C00AD04A7 /* OpenGLES.framework */ = {isa = PBXFileReference; lastKnownFileType = wrapper.framework; name = OpenGLES.framework; path = System/Library/Frameworks/OpenGLES.framework; sourceTree = SDKROOT; };
		4D59E67B1130B33C00AD04A7 /* QuartzCore.framework */ = {isa = PBXFileReference; lastKnownFileType = wrapper.framework; name = QuartzCore.framework; path = System/Library/Frameworks/QuartzCore.framework; sourceTree = SDKROOT; };
		4D59E6891130B3C400AD04A7 /* MapKit.framework */ = {isa = PBXFileReference; lastKnownFileType = wrapper.framework; name = MapKit.framework; path = System/Library/Frameworks/MapKit.framework; sourceTree = SDKROOT; };
		4D59E6C11130B40F00AD04A7 /* Default.png */ = {isa = PBXFileReference; lastKnownFileType = image.png; path = Default.png; sourceTree = "<group>"; };
		4D59E6C21130B40F00AD04A7 /* Icon.png */ = {isa = PBXFileReference; lastKnownFileType = image.png; path = Icon.png; sourceTree = "<group>"; };
		4D59E6CE1130B43400AD04A7 /* SM3DAR_keys.txt */ = {isa = PBXFileReference; fileEncoding = 4; lastKnownFileType = text; path = SM3DAR_keys.txt; sourceTree = "<group>"; };
		4D59E6CF1130B43400AD04A7 /* bubble1.png */ = {isa = PBXFileReference; lastKnownFileType = image.png; path = bubble1.png; sourceTree = "<group>"; };
		4D59E6D01130B43400AD04A7 /* compass_rose.png */ = {isa = PBXFileReference; lastKnownFileType = image.png; path = compass_rose.png; sourceTree = "<group>"; };
		4D5ABDAF114324B400F689D2 /* SphereView.h */ = {isa = PBXFileReference; fileEncoding = 4; lastKnownFileType = sourcecode.c.h; name = SphereView.h; path = Classes/SphereView.h; sourceTree = "<group>"; };
		4D5ABDB0114324B400F689D2 /* SphereView.mm */ = {isa = PBXFileReference; fileEncoding = 4; lastKnownFileType = sourcecode.cpp.objcpp; name = SphereView.mm; path = Classes/SphereView.mm; sourceTree = "<group>"; };
		4D5ABDB1114324B400F689D2 /* TexturedGeometryView.h */ = {isa = PBXFileReference; fileEncoding = 4; lastKnownFileType = sourcecode.c.h; name = TexturedGeometryView.h; path = Classes/TexturedGeometryView.h; sourceTree = "<group>"; };
		4D5ABDB2114324B400F689D2 /* TexturedGeometryView.mm */ = {isa = PBXFileReference; fileEncoding = 4; lastKnownFileType = sourcecode.cpp.objcpp; name = TexturedGeometryView.mm; path = Classes/TexturedGeometryView.mm; sourceTree = "<group>"; };
		4D7350E411349C0A00331FE3 /* sphere.pano.png */ = {isa = PBXFileReference; lastKnownFileType = image.png; path = sphere.pano.png; sourceTree = "<group>"; };
		4D7350E611349FC800331FE3 /* cube.pano.png */ = {isa = PBXFileReference; lastKnownFileType = image.png; path = cube.pano.png; sourceTree = "<group>"; };
		4DF5082A1141937E00F55C3F /* sphere.schauspielhaus_hamburg.pano.png */ = {isa = PBXFileReference; lastKnownFileType = image.png; path = sphere.schauspielhaus_hamburg.pano.png; sourceTree = "<group>"; };
		4DF5082C114193C200F55C3F /* sphere.timezones.pano.png */ = {isa = PBXFileReference; lastKnownFileType = image.png; path = sphere.timezones.pano.png; sourceTree = "<group>"; };
		8D1107310486CEB800E47090 /* Panoramic-Info.plist */ = {isa = PBXFileReference; fileEncoding = 4; lastKnownFileType = text.plist.xml; path = "Panoramic-Info.plist"; plistStructureDefinitionIdentifier = "com.apple.xcode.plist.structure-definition.iphone.info-plist"; sourceTree = "<group>"; };
/* End PBXFileReference section */

/* Begin PBXFrameworksBuildPhase section */
		1D60588F0D05DD3D006BFB54 /* Frameworks */ = {
			isa = PBXFrameworksBuildPhase;
			buildActionMask = 2147483647;
			files = (
				1D60589F0D05DD5A006BFB54 /* Foundation.framework in Frameworks */,
				1DF5F4E00D08C38300B7A737 /* UIKit.framework in Frameworks */,
				288765590DF743DE002DB57D /* CoreGraphics.framework in Frameworks */,
				4D59E6781130B33C00AD04A7 /* CoreLocation.framework in Frameworks */,
				4D59E67A1130B33C00AD04A7 /* OpenGLES.framework in Frameworks */,
				4D59E67C1130B33C00AD04A7 /* QuartzCore.framework in Frameworks */,
				4D59E68A1130B3C400AD04A7 /* MapKit.framework in Frameworks */,
				4D443B2711755D2A007C4C9F /* lib3DAR.a in Frameworks */,
			);
			runOnlyForDeploymentPostprocessing = 0;
		};
/* End PBXFrameworksBuildPhase section */

/* Begin PBXGroup section */
		080E96DDFE201D6D7F000001 /* Application Delegate */ = {
			isa = PBXGroup;
			children = (
				1D3623240D0F684500981E51 /* Panoramic.h */,
				1D3623250D0F684500981E51 /* Panoramic.m */,
			);
			name = "Application Delegate";
			path = Classes;
			sourceTree = "<group>";
		};
		19C28FACFE9D520D11CA2CBB /* Products */ = {
			isa = PBXGroup;
			children = (
				1D6058910D05DD3D006BFB54 /* Panoramic.app */,
			);
			name = Products;
			sourceTree = "<group>";
		};
		281C6CD70DB2D82200F60ACC /* Flipside View */ = {
			isa = PBXGroup;
			children = (
				289233A20DB2D0840083E9F9 /* FlipsideView.h */,
				289233A30DB2D0840083E9F9 /* FlipsideView.m */,
				289233AC0DB2D0DB0083E9F9 /* FlipsideViewController.h */,
				289233AD0DB2D0DB0083E9F9 /* FlipsideViewController.m */,
			);
			name = "Flipside View";
			sourceTree = "<group>";
		};
		289233A00DB2D0730083E9F9 /* Main View */ = {
			isa = PBXGroup;
			children = (
				4D443B5711755FA2007C4C9F /* AsyncArtworkFetcher.h */,
				4D443B5811755FA2007C4C9F /* AsyncArtworkFetcher.m */,
				4D443B5E11755FF9007C4C9F /* CubeView.h */,
				4D443B5F11755FF9007C4C9F /* CubeView.mm */,
				289233A40DB2D0840083E9F9 /* MainView.h */,
				289233A50DB2D0840083E9F9 /* MainView.m */,
				289233A80DB2D0DB0083E9F9 /* MainViewController.h */,
				289233A90DB2D0DB0083E9F9 /* MainViewController.m */,
				4D5ABDAF114324B400F689D2 /* SphereView.h */,
				4D5ABDB0114324B400F689D2 /* SphereView.mm */,
				4D5ABDB1114324B400F689D2 /* TexturedGeometryView.h */,
				4D5ABDB2114324B400F689D2 /* TexturedGeometryView.mm */,
			);
			name = "Main View";
			sourceTree = "<group>";
		};
		29B97314FDCFA39411CA2CEA /* CustomTemplate */ = {
			isa = PBXGroup;
			children = (
				4D59E6591130B28B00AD04A7 /* SM3DAR */,
				289233A00DB2D0730083E9F9 /* Main View */,
				281C6CD70DB2D82200F60ACC /* Flipside View */,
				080E96DDFE201D6D7F000001 /* Application Delegate */,
				29B97315FDCFA39411CA2CEA /* Other Sources */,
				29B97317FDCFA39411CA2CEA /* Resources */,
				29B97323FDCFA39411CA2CEA /* Frameworks */,
				19C28FACFE9D520D11CA2CBB /* Products */,
			);
			name = CustomTemplate;
			sourceTree = "<group>";
		};
		29B97315FDCFA39411CA2CEA /* Other Sources */ = {
			isa = PBXGroup;
			children = (
				32CA4F630368D1EE00C91783 /* Panoramic_Prefix.pch */,
				29B97316FDCFA39411CA2CEA /* main.m */,
			);
			name = "Other Sources";
			sourceTree = "<group>";
		};
		29B97317FDCFA39411CA2CEA /* Resources */ = {
			isa = PBXGroup;
			children = (
				4D7350E411349C0A00331FE3 /* sphere.pano.png */,
				4DF5082C114193C200F55C3F /* sphere.timezones.pano.png */,
				4DF5082A1141937E00F55C3F /* sphere.schauspielhaus_hamburg.pano.png */,
				4D7350E611349FC800331FE3 /* cube.pano.png */,
				4D362E3D1132F3B800B4724A /* DPad_BG.png */,
				4D362E3E1132F3B800B4724A /* 64_white.png */,
				4D362F86113314D700B4724A /* 84_white.png */,
				4D362E3F1132F3B800B4724A /* 128_white.png */,
				4D59E6C11130B40F00AD04A7 /* Default.png */,
				4D59E6C21130B40F00AD04A7 /* Icon.png */,
				280E754A0DD40C5E005A515E /* FlipsideView.xib */,
				280E754B0DD40C5E005A515E /* MainView.xib */,
				280E754C0DD40C5E005A515E /* MainWindow.xib */,
				8D1107310486CEB800E47090 /* Panoramic-Info.plist */,
			);
			name = Resources;
			sourceTree = "<group>";
		};
		29B97323FDCFA39411CA2CEA /* Frameworks */ = {
			isa = PBXGroup;
			children = (
				4D59E6771130B33C00AD04A7 /* CoreLocation.framework */,
				4D59E6791130B33C00AD04A7 /* OpenGLES.framework */,
				4D59E67B1130B33C00AD04A7 /* QuartzCore.framework */,
				4D59E6891130B3C400AD04A7 /* MapKit.framework */,
				1DF5F4DF0D08C38300B7A737 /* UIKit.framework */,
				1D30AB110D05D00D00671497 /* Foundation.framework */,
				288765580DF743DE002DB57D /* CoreGraphics.framework */,
			);
			name = Frameworks;
			sourceTree = "<group>";
		};
		4D59E6591130B28B00AD04A7 /* SM3DAR */ = {
			isa = PBXGroup;
			children = (
				4D443B2611755D2A007C4C9F /* lib3DAR.a */,
				4D59E6CE1130B43400AD04A7 /* SM3DAR_keys.txt */,
				4D59E6CF1130B43400AD04A7 /* bubble1.png */,
				4D59E6D01130B43400AD04A7 /* compass_rose.png */,
				4D59E65A1130B28B00AD04A7 /* 3dar.plist */,
				4D59E65B1130B28B00AD04A7 /* 3dar_logo.png */,
				4D59E65C1130B28B00AD04A7 /* 3dar_marker_icon1.png */,
				4D59E65D1130B28B00AD04A7 /* 3dar_marker_icon2.png */,
				4D59E65E1130B28B00AD04A7 /* 3dar_marker_icon3.png */,
				4D59E65F1130B28B00AD04A7 /* 3dar_marker_icon4.png */,
				4D59E6601130B28B00AD04A7 /* 3dar_marker_icon5.png */,
				4D59E6611130B28B00AD04A7 /* 3dar_marker_icon6.png */,
				4D59E6721130B2D500AD04A7 /* SM3DAR.h */,
			);
			path = SM3DAR;
			sourceTree = "<group>";
		};
/* End PBXGroup section */

/* Begin PBXNativeTarget section */
		1D6058900D05DD3D006BFB54 /* Panoramic */ = {
			isa = PBXNativeTarget;
			buildConfigurationList = 1D6058960D05DD3E006BFB54 /* Build configuration list for PBXNativeTarget "Panoramic" */;
			buildPhases = (
				1D60588D0D05DD3D006BFB54 /* Resources */,
				1D60588E0D05DD3D006BFB54 /* Sources */,
				1D60588F0D05DD3D006BFB54 /* Frameworks */,
			);
			buildRules = (
			);
			dependencies = (
			);
			name = Panoramic;
			productName = PointAndTilt;
			productReference = 1D6058910D05DD3D006BFB54 /* Panoramic.app */;
			productType = "com.apple.product-type.application";
		};
/* End PBXNativeTarget section */

/* Begin PBXProject section */
		29B97313FDCFA39411CA2CEA /* Project object */ = {
			isa = PBXProject;
			buildConfigurationList = C01FCF4E08A954540054247B /* Build configuration list for PBXProject "Panoramic" */;
			compatibilityVersion = "Xcode 3.1";
			hasScannedForEncodings = 1;
			knownRegions = (
				English,
				Japanese,
				French,
				German,
				en,
			);
			mainGroup = 29B97314FDCFA39411CA2CEA /* CustomTemplate */;
			projectDirPath = "";
			projectRoot = "";
			targets = (
				1D6058900D05DD3D006BFB54 /* Panoramic */,
			);
		};
/* End PBXProject section */

/* Begin PBXResourcesBuildPhase section */
		1D60588D0D05DD3D006BFB54 /* Resources */ = {
			isa = PBXResourcesBuildPhase;
			buildActionMask = 2147483647;
			files = (
				280E754D0DD40C5E005A515E /* FlipsideView.xib in Resources */,
				280E754E0DD40C5E005A515E /* MainView.xib in Resources */,
				280E754F0DD40C5E005A515E /* MainWindow.xib in Resources */,
				4D59E6631130B28B00AD04A7 /* 3dar.plist in Resources */,
				4D59E6641130B28B00AD04A7 /* 3dar_logo.png in Resources */,
				4D59E6651130B28B00AD04A7 /* 3dar_marker_icon1.png in Resources */,
				4D59E6661130B28B00AD04A7 /* 3dar_marker_icon2.png in Resources */,
				4D59E6671130B28B00AD04A7 /* 3dar_marker_icon3.png in Resources */,
				4D59E6681130B28B00AD04A7 /* 3dar_marker_icon4.png in Resources */,
				4D59E6691130B28B00AD04A7 /* 3dar_marker_icon5.png in Resources */,
				4D59E66A1130B28B00AD04A7 /* 3dar_marker_icon6.png in Resources */,
				4D59E6C31130B40F00AD04A7 /* Default.png in Resources */,
				4D59E6C41130B40F00AD04A7 /* Icon.png in Resources */,
				4D59E6D11130B43400AD04A7 /* SM3DAR_keys.txt in Resources */,
				4D59E6D21130B43400AD04A7 /* bubble1.png in Resources */,
				4D59E6D31130B43400AD04A7 /* compass_rose.png in Resources */,
				4D362E401132F3B800B4724A /* DPad_BG.png in Resources */,
				4D362E411132F3B800B4724A /* 64_white.png in Resources */,
				4D362E421132F3B800B4724A /* 128_white.png in Resources */,
				4D362F87113314D700B4724A /* 84_white.png in Resources */,
				4D7350E511349C0A00331FE3 /* sphere.pano.png in Resources */,
				4D7350E711349FC800331FE3 /* cube.pano.png in Resources */,
				4DF5082B1141937E00F55C3F /* sphere.schauspielhaus_hamburg.pano.png in Resources */,
				4DF5082D114193C200F55C3F /* sphere.timezones.pano.png in Resources */,
			);
			runOnlyForDeploymentPostprocessing = 0;
		};
/* End PBXResourcesBuildPhase section */

/* Begin PBXSourcesBuildPhase section */
		1D60588E0D05DD3D006BFB54 /* Sources */ = {
			isa = PBXSourcesBuildPhase;
			buildActionMask = 2147483647;
			files = (
				1D60589B0D05DD56006BFB54 /* main.m in Sources */,
				1D3623260D0F684500981E51 /* Panoramic.m in Sources */,
				289233A60DB2D0840083E9F9 /* FlipsideView.m in Sources */,
				289233A70DB2D0840083E9F9 /* MainView.m in Sources */,
				289233AE0DB2D0DB0083E9F9 /* MainViewController.m in Sources */,
				289233B00DB2D0DB0083E9F9 /* FlipsideViewController.m in Sources */,
				4D5ABDE3114324B400F689D2 /* SphereView.mm in Sources */,
				4D5ABDE4114324B400F689D2 /* TexturedGeometryView.mm in Sources */,
				4D443B5911755FA2007C4C9F /* AsyncArtworkFetcher.m in Sources */,
				4D443B6011755FF9007C4C9F /* CubeView.mm in Sources */,
			);
			runOnlyForDeploymentPostprocessing = 0;
		};
/* End PBXSourcesBuildPhase section */

/* Begin XCBuildConfiguration section */
		1D6058940D05DD3E006BFB54 /* Debug */ = {
			isa = XCBuildConfiguration;
			buildSettings = {
				ALWAYS_SEARCH_USER_PATHS = NO;
				COPY_PHASE_STRIP = NO;
				GCC_DYNAMIC_NO_PIC = NO;
				GCC_OPTIMIZATION_LEVEL = 0;
				GCC_PRECOMPILE_PREFIX_HEADER = YES;
				GCC_PREFIX_HEADER = Panoramic_Prefix.pch;
				HEADER_SEARCH_PATHS = "/usr/include/libxml2/**";
				INFOPLIST_FILE = "Panoramic-Info.plist";
				LIBRARY_SEARCH_PATHS = (
					"$(inherited)",
					"\"$(SRCROOT)/SM3DAR\"",
					"\"$(SRCROOT)/SM3DAR_Common/Lib/HTTPRiot/httpriot-0.6.6/Vendor/gh-unit-iphone\"",
					"\"$(SRCROOT)/../../SM3DARLibrary/SM3DARLibary/build/Debug-iphoneos\"",
					"\"$(SRCROOT)/SM3DAR_Common/Data\"",
				);
				OTHER_LDFLAGS = (
					"-lxml2",
					"-lstdc++",
				);
				PRODUCT_NAME = Panoramic;
			};
			name = Debug;
		};
		1D6058950D05DD3E006BFB54 /* Release */ = {
			isa = XCBuildConfiguration;
			buildSettings = {
				ALWAYS_SEARCH_USER_PATHS = NO;
				COPY_PHASE_STRIP = YES;
				GCC_PRECOMPILE_PREFIX_HEADER = YES;
				GCC_PREFIX_HEADER = Panoramic_Prefix.pch;
				HEADER_SEARCH_PATHS = "/usr/include/libxml2/**";
				INFOPLIST_FILE = "Panoramic-Info.plist";
				LIBRARY_SEARCH_PATHS = (
					"$(inherited)",
					"\"$(SRCROOT)/SM3DAR\"",
					"\"$(SRCROOT)/SM3DAR_Common/Lib/HTTPRiot/httpriot-0.6.6/Vendor/gh-unit-iphone\"",
					"\"$(SRCROOT)/../../SM3DARLibrary/SM3DARLibary/build/Debug-iphoneos\"",
					"\"$(SRCROOT)/SM3DAR_Common/Data\"",
				);
				OTHER_LDFLAGS = (
					"-lxml2",
					"-lstdc++",
				);
				PRODUCT_NAME = Panoramic;
			};
			name = Release;
		};
		C01FCF4F08A954540054247B /* Debug */ = {
			isa = XCBuildConfiguration;
			buildSettings = {
				ARCHS = "$(ARCHS_STANDARD_32_BIT)";
				"CODE_SIGN_IDENTITY[sdk=iphoneos*]" = "iPhone Developer";
				GCC_C_LANGUAGE_STANDARD = c99;
				GCC_WARN_ABOUT_RETURN_TYPE = YES;
				GCC_WARN_UNUSED_VARIABLE = YES;
				HEADER_SEARCH_PATHS = "/usr/include/libxml2/**";
				OTHER_LDFLAGS = "";
				PREBINDING = NO;
				SDKROOT = iphoneos3.1;
			};
			name = Debug;
		};
		C01FCF5008A954540054247B /* Release */ = {
			isa = XCBuildConfiguration;
			buildSettings = {
				ARCHS = "$(ARCHS_STANDARD_32_BIT)";
				"CODE_SIGN_IDENTITY[sdk=iphoneos*]" = "iPhone Developer";
				GCC_C_LANGUAGE_STANDARD = c99;
				GCC_WARN_ABOUT_RETURN_TYPE = YES;
				GCC_WARN_UNUSED_VARIABLE = YES;
				HEADER_SEARCH_PATHS = "/usr/include/libxml2/**";
				OTHER_LDFLAGS = "";
				PREBINDING = NO;
				SDKROOT = iphoneos3.1;
			};
			name = Release;
		};
/* End XCBuildConfiguration section */

/* Begin XCConfigurationList section */
		1D6058960D05DD3E006BFB54 /* Build configuration list for PBXNativeTarget "Panoramic" */ = {
			isa = XCConfigurationList;
			buildConfigurations = (
				1D6058940D05DD3E006BFB54 /* Debug */,
				1D6058950D05DD3E006BFB54 /* Release */,
			);
			defaultConfigurationIsVisible = 0;
			defaultConfigurationName = Release;
		};
		C01FCF4E08A954540054247B /* Build configuration list for PBXProject "Panoramic" */ = {
			isa = XCConfigurationList;
			buildConfigurations = (
				C01FCF4F08A954540054247B /* Debug */,
				C01FCF5008A954540054247B /* Release */,
			);
			defaultConfigurationIsVisible = 0;
			defaultConfigurationName = Release;
		};
/* End XCConfigurationList section */
	};
	rootObject = 29B97313FDCFA39411CA2CEA /* Project object */;
}
