// !$*UTF8*$!
{
	archiveVersion = 1;
	classes = {
	};
	objectVersion = 45;
	objects = {

/* Begin PBXBuildFile section */
		1D3623260D0F684500981E51 /* Panoramic.m in Sources */ = {isa = PBXBuildFile; fileRef = 1D3623250D0F684500981E51 /* Panoramic.m */; };
		1D60589B0D05DD56006BFB54 /* main.m in Sources */ = {isa = PBXBuildFile; fileRef = 29B97316FDCFA39411CA2CEA /* main.m */; };
		1D60589F0D05DD5A006BFB54 /* Foundation.framework in Frameworks */ = {isa = PBXBuildFile; fileRef = 1D30AB110D05D00D00671497 /* Foundation.framework */; };
		1DF5F4E00D08C38300B7A737 /* UIKit.framework in Frameworks */ = {isa = PBXBuildFile; fileRef = 1DF5F4DF0D08C38300B7A737 /* UIKit.framework */; };
		280E754D0DD40C5E005A515E /* FlipsideView.xib in Resources */ = {isa = PBXBuildFile; fileRef = 280E754A0DD40C5E005A515E /* FlipsideView.xib */; };
		280E754E0DD40C5E005A515E /* MainView.xib in Resources */ = {isa = PBXBuildFile; fileRef = 280E754B0DD40C5E005A515E /* MainView.xib */; };
		280E754F0DD40C5E005A515E /* MainWindow.xib in Resources */ = {isa = PBXBuildFile; fileRef = 280E754C0DD40C5E005A515E /* MainWindow.xib */; };
		288765590DF743DE002DB57D /* CoreGraphics.framework in Frameworks */ = {isa = PBXBuildFile; fileRef = 288765580DF743DE002DB57D /* CoreGraphics.framework */; };
		289233A60DB2D0840083E9F9 /* FlipsideView.m in Sources */ = {isa = PBXBuildFile; fileRef = 289233A30DB2D0840083E9F9 /* FlipsideView.m */; };
		289233A70DB2D0840083E9F9 /* MainView.m in Sources */ = {isa = PBXBuildFile; fileRef = 289233A50DB2D0840083E9F9 /* MainView.m */; };
		289233AE0DB2D0DB0083E9F9 /* MainViewController.m in Sources */ = {isa = PBXBuildFile; fileRef = 289233A90DB2D0DB0083E9F9 /* MainViewController.m */; };
		289233B00DB2D0DB0083E9F9 /* FlipsideViewController.m in Sources */ = {isa = PBXBuildFile; fileRef = 289233AD0DB2D0DB0083E9F9 /* FlipsideViewController.m */; };
		4D362E401132F3B800B4724A /* DPad_BG.png in Resources */ = {isa = PBXBuildFile; fileRef = 4D362E3D1132F3B800B4724A /* DPad_BG.png */; };
		4D362E411132F3B800B4724A /* 64_white.png in Resources */ = {isa = PBXBuildFile; fileRef = 4D362E3E1132F3B800B4724A /* 64_white.png */; };
		4D362E421132F3B800B4724A /* 128_white.png in Resources */ = {isa = PBXBuildFile; fileRef = 4D362E3F1132F3B800B4724A /* 128_white.png */; };
		4D362F87113314D700B4724A /* 84_white.png in Resources */ = {isa = PBXBuildFile; fileRef = 4D362F86113314D700B4724A /* 84_white.png */; };
		4D59E6631130B28B00AD04A7 /* 3dar.plist in Resources */ = {isa = PBXBuildFile; fileRef = 4D59E65A1130B28B00AD04A7 /* 3dar.plist */; };
		4D59E6641130B28B00AD04A7 /* 3dar_logo.png in Resources */ = {isa = PBXBuildFile; fileRef = 4D59E65B1130B28B00AD04A7 /* 3dar_logo.png */; };
		4D59E6651130B28B00AD04A7 /* 3dar_marker_icon1.png in Resources */ = {isa = PBXBuildFile; fileRef = 4D59E65C1130B28B00AD04A7 /* 3dar_marker_icon1.png */; };
		4D59E6661130B28B00AD04A7 /* 3dar_marker_icon2.png in Resources */ = {isa = PBXBuildFile; fileRef = 4D59E65D1130B28B00AD04A7 /* 3dar_marker_icon2.png */; };
		4D59E6671130B28B00AD04A7 /* 3dar_marker_icon3.png in Resources */ = {isa = PBXBuildFile; fileRef = 4D59E65E1130B28B00AD04A7 /* 3dar_marker_icon3.png */; };
		4D59E6681130B28B00AD04A7 /* 3dar_marker_icon4.png in Resources */ = {isa = PBXBuildFile; fileRef = 4D59E65F1130B28B00AD04A7 /* 3dar_marker_icon4.png */; };
		4D59E6691130B28B00AD04A7 /* 3dar_marker_icon5.png in Resources */ = {isa = PBXBuildFile; fileRef = 4D59E6601130B28B00AD04A7 /* 3dar_marker_icon5.png */; };
		4D59E66A1130B28B00AD04A7 /* 3dar_marker_icon6.png in Resources */ = {isa = PBXBuildFile; fileRef = 4D59E6611130B28B00AD04A7 /* 3dar_marker_icon6.png */; };
		4D59E6781130B33C00AD04A7 /* CoreLocation.framework in Frameworks */ = {isa = PBXBuildFile; fileRef = 4D59E6771130B33C00AD04A7 /* CoreLocation.framework */; };
		4D59E67A1130B33C00AD04A7 /* OpenGLES.framework in Frameworks */ = {isa = PBXBuildFile; fileRef = 4D59E6791130B33C00AD04A7 /* OpenGLES.framework */; };
		4D59E67C1130B33C00AD04A7 /* QuartzCore.framework in Frameworks */ = {isa = PBXBuildFile; fileRef = 4D59E67B1130B33C00AD04A7 /* QuartzCore.framework */; };
		4D59E68A1130B3C400AD04A7 /* MapKit.framework in Frameworks */ = {isa = PBXBuildFile; fileRef = 4D59E6891130B3C400AD04A7 /* MapKit.framework */; };
		4D59E6C31130B40F00AD04A7 /* Default.png in Resources */ = {isa = PBXBuildFile; fileRef = 4D59E6C11130B40F00AD04A7 /* Default.png */; };
		4D59E6C41130B40F00AD04A7 /* Icon.png in Resources */ = {isa = PBXBuildFile; fileRef = 4D59E6C21130B40F00AD04A7 /* Icon.png */; };
		4D59E6D11130B43400AD04A7 /* SM3DAR_keys.txt in Resources */ = {isa = PBXBuildFile; fileRef = 4D59E6CE1130B43400AD04A7 /* SM3DAR_keys.txt */; };
		4D59E6D21130B43400AD04A7 /* bubble1.png in Resources */ = {isa = PBXBuildFile; fileRef = 4D59E6CF1130B43400AD04A7 /* bubble1.png */; };
		4D59E6D31130B43400AD04A7 /* compass_rose.png in Resources */ = {isa = PBXBuildFile; fileRef = 4D59E6D01130B43400AD04A7 /* compass_rose.png */; };
		4D5ABC401143199200F689D2 /* APIClient.m in Sources */ = {isa = PBXBuildFile; fileRef = 4D5ABBB91143199200F689D2 /* APIClient.m */; };
		4D5ABC411143199200F689D2 /* WebcamsTravelClient.m in Sources */ = {isa = PBXBuildFile; fileRef = 4D5ABBBB1143199200F689D2 /* WebcamsTravelClient.m */; };
		4D5ABC421143199200F689D2 /* YahooLocalSearch.m in Sources */ = {isa = PBXBuildFile; fileRef = 4D5ABBBD1143199200F689D2 /* YahooLocalSearch.m */; };
		4D5ABC431143199200F689D2 /* UIApplication_TLCommon.m in Sources */ = {isa = PBXBuildFile; fileRef = 4D5ABBC01143199200F689D2 /* UIApplication_TLCommon.m */; };
		4D5ABC441143199200F689D2 /* UIColor_Expanded.m in Sources */ = {isa = PBXBuildFile; fileRef = 4D5ABBC21143199200F689D2 /* UIColor_Expanded.m */; };
		4D5ABC451143199200F689D2 /* Dpad.m in Sources */ = {isa = PBXBuildFile; fileRef = 4D5ABBC51143199200F689D2 /* Dpad.m */; };
		4D5ABC461143199200F689D2 /* Joystick.m in Sources */ = {isa = PBXBuildFile; fileRef = 4D5ABBC71143199200F689D2 /* Joystick.m */; };
		4D5ABC471143199200F689D2 /* sphere.obj in Resources */ = {isa = PBXBuildFile; fileRef = 4D5ABBC91143199200F689D2 /* sphere.obj */; };
		4D5ABC481143199200F689D2 /* sphere_texture1.png in Resources */ = {isa = PBXBuildFile; fileRef = 4D5ABBCA1143199200F689D2 /* sphere_texture1.png */; };
		4D5ABC491143199200F689D2 /* BSJSONEncoder.m in Sources */ = {isa = PBXBuildFile; fileRef = 4D5ABBCE1143199200F689D2 /* BSJSONEncoder.m */; };
		4D5ABC4A1143199200F689D2 /* NSArray+BSJSONAdditions.m in Sources */ = {isa = PBXBuildFile; fileRef = 4D5ABBD01143199200F689D2 /* NSArray+BSJSONAdditions.m */; };
		4D5ABC4B1143199200F689D2 /* NSDictionary+BSJSONAdditions.m in Sources */ = {isa = PBXBuildFile; fileRef = 4D5ABBD21143199200F689D2 /* NSDictionary+BSJSONAdditions.m */; };
		4D5ABC4C1143199200F689D2 /* NSScanner+BSJSONAdditions.m in Sources */ = {isa = PBXBuildFile; fileRef = 4D5ABBD41143199200F689D2 /* NSScanner+BSJSONAdditions.m */; };
		4D5ABC4D1143199200F689D2 /* NSString+BSJSONAdditions.m in Sources */ = {isa = PBXBuildFile; fileRef = 4D5ABBD61143199200F689D2 /* NSString+BSJSONAdditions.m */; };
		4D5ABC4E1143199200F689D2 /* NSDictionary+ParamUtils.m in Sources */ = {isa = PBXBuildFile; fileRef = 4D5ABBDB1143199200F689D2 /* NSDictionary+ParamUtils.m */; };
		4D5ABC4F1143199200F689D2 /* NSObject+InvocationUtils.m in Sources */ = {isa = PBXBuildFile; fileRef = 4D5ABBDD1143199200F689D2 /* NSObject+InvocationUtils.m */; };
		4D5ABC501143199200F689D2 /* NSString+EscapingUtils.m in Sources */ = {isa = PBXBuildFile; fileRef = 4D5ABBDF1143199200F689D2 /* NSString+EscapingUtils.m */; };
		4D5ABC511143199200F689D2 /* HRFormatJSON.m in Sources */ = {isa = PBXBuildFile; fileRef = 4D5ABBE21143199200F689D2 /* HRFormatJSON.m */; };
		4D5ABC521143199200F689D2 /* HRFormatXML.m in Sources */ = {isa = PBXBuildFile; fileRef = 4D5ABBE51143199200F689D2 /* HRFormatXML.m */; };
		4D5ABC531143199200F689D2 /* HRGlobal.m in Sources */ = {isa = PBXBuildFile; fileRef = 4D5ABBE71143199200F689D2 /* HRGlobal.m */; };
		4D5ABC541143199200F689D2 /* HROperationQueue.m in Sources */ = {isa = PBXBuildFile; fileRef = 4D5ABBE91143199200F689D2 /* HROperationQueue.m */; };
		4D5ABC551143199200F689D2 /* HRRequestOperation.m in Sources */ = {isa = PBXBuildFile; fileRef = 4D5ABBEB1143199200F689D2 /* HRRequestOperation.m */; };
		4D5ABC561143199200F689D2 /* HRRestModel.m in Sources */ = {isa = PBXBuildFile; fileRef = 4D5ABBEE1143199200F689D2 /* HRRestModel.m */; };
		4D5ABC571143199200F689D2 /* HRBase64.m in Sources */ = {isa = PBXBuildFile; fileRef = 4D5ABBF31143199200F689D2 /* HRBase64.m */; };
		4D5ABC581143199200F689D2 /* AIXMLDocumentSerialize.m in Sources */ = {isa = PBXBuildFile; fileRef = 4D5ABBF71143199200F689D2 /* AIXMLDocumentSerialize.m */; };
		4D5ABC591143199200F689D2 /* AIXMLElementSerialize.m in Sources */ = {isa = PBXBuildFile; fileRef = 4D5ABBF91143199200F689D2 /* AIXMLElementSerialize.m */; };
		4D5ABC5A1143199200F689D2 /* libGHUnitIPhone2_1.a in Frameworks */ = {isa = PBXBuildFile; fileRef = 4D5ABC0B1143199200F689D2 /* libGHUnitIPhone2_1.a */; };
		4D5ABC5B1143199200F689D2 /* RunTests.sh in Resources */ = {isa = PBXBuildFile; fileRef = 4D5ABC0C1143199200F689D2 /* RunTests.sh */; };
		4D5ABC5C1143199200F689D2 /* CREDITS in Resources */ = {isa = PBXBuildFile; fileRef = 4D5ABC0E1143199200F689D2 /* CREDITS */; };
		4D5ABC5D1143199200F689D2 /* NSObject+SBJSON.m in Sources */ = {isa = PBXBuildFile; fileRef = 4D5ABC111143199200F689D2 /* NSObject+SBJSON.m */; };
		4D5ABC5E1143199200F689D2 /* NSString+SBJSON.m in Sources */ = {isa = PBXBuildFile; fileRef = 4D5ABC131143199200F689D2 /* NSString+SBJSON.m */; };
		4D5ABC5F1143199200F689D2 /* SBJSON.m in Sources */ = {isa = PBXBuildFile; fileRef = 4D5ABC151143199200F689D2 /* SBJSON.m */; };
		4D5ABC601143199200F689D2 /* SBJsonBase.m in Sources */ = {isa = PBXBuildFile; fileRef = 4D5ABC171143199200F689D2 /* SBJsonBase.m */; };
		4D5ABC611143199200F689D2 /* SBJsonParser.m in Sources */ = {isa = PBXBuildFile; fileRef = 4D5ABC191143199200F689D2 /* SBJsonParser.m */; };
		4D5ABC621143199200F689D2 /* SBJsonWriter.m in Sources */ = {isa = PBXBuildFile; fileRef = 4D5ABC1B1143199200F689D2 /* SBJsonWriter.m */; };
		4D5ABC631143199200F689D2 /* DDXMLDocument.m in Sources */ = {isa = PBXBuildFile; fileRef = 4D5ABC1F1143199200F689D2 /* DDXMLDocument.m */; };
		4D5ABC641143199200F689D2 /* DDXMLElement.m in Sources */ = {isa = PBXBuildFile; fileRef = 4D5ABC211143199200F689D2 /* DDXMLElement.m */; };
		4D5ABC651143199200F689D2 /* DDXMLElementAdditions.m in Sources */ = {isa = PBXBuildFile; fileRef = 4D5ABC231143199200F689D2 /* DDXMLElementAdditions.m */; };
		4D5ABC661143199200F689D2 /* DDXMLNode.m in Sources */ = {isa = PBXBuildFile; fileRef = 4D5ABC251143199200F689D2 /* DDXMLNode.m */; };
		4D5ABC671143199200F689D2 /* NSStringAdditions.m in Sources */ = {isa = PBXBuildFile; fileRef = 4D5ABC281143199200F689D2 /* NSStringAdditions.m */; };
		4D5ABC681143199200F689D2 /* Model.m in Sources */ = {isa = PBXBuildFile; fileRef = 4D5ABC2B1143199200F689D2 /* Model.m */; };
		4D5ABC691143199200F689D2 /* Webcam.m in Sources */ = {isa = PBXBuildFile; fileRef = 4D5ABC2D1143199200F689D2 /* Webcam.m */; };
		4D5ABC6A1143199200F689D2 /* AsyncArtworkFetcher.m in Sources */ = {isa = PBXBuildFile; fileRef = 4D5ABC301143199200F689D2 /* AsyncArtworkFetcher.m */; };
		4D5ABC6B1143199200F689D2 /* CGPointUtil.m in Sources */ = {isa = PBXBuildFile; fileRef = 4D5ABC321143199200F689D2 /* CGPointUtil.m */; };
		4D5ABC6C1143199200F689D2 /* AnimatedSphereView.mm in Sources */ = {isa = PBXBuildFile; fileRef = 4D5ABC351143199200F689D2 /* AnimatedSphereView.mm */; };
		4D5ABC6D1143199200F689D2 /* BubbleMarkerView.m in Sources */ = {isa = PBXBuildFile; fileRef = 4D5ABC371143199200F689D2 /* BubbleMarkerView.m */; };
		4D5ABC6E1143199200F689D2 /* CubeView.mm in Sources */ = {isa = PBXBuildFile; fileRef = 4D5ABC391143199200F689D2 /* CubeView.mm */; };
		4D5ABC6F1143199200F689D2 /* RoundedLabelMarkerView.m in Sources */ = {isa = PBXBuildFile; fileRef = 4D5ABC3B1143199200F689D2 /* RoundedLabelMarkerView.m */; };
		4D5ABC701143199200F689D2 /* SphereView.mm in Sources */ = {isa = PBXBuildFile; fileRef = 4D5ABC3D1143199200F689D2 /* SphereView.mm */; };
		4D5ABC711143199200F689D2 /* TexturedGeometryView.mm in Sources */ = {isa = PBXBuildFile; fileRef = 4D5ABC3F1143199200F689D2 /* TexturedGeometryView.mm */; };
		4D7350E511349C0A00331FE3 /* sphere.pano.png in Resources */ = {isa = PBXBuildFile; fileRef = 4D7350E411349C0A00331FE3 /* sphere.pano.png */; };
		4D7350E711349FC800331FE3 /* cube.pano.png in Resources */ = {isa = PBXBuildFile; fileRef = 4D7350E611349FC800331FE3 /* cube.pano.png */; };
		4DCE4997113EDC0600D3FA09 /* SM3DARLibary.a in Frameworks */ = {isa = PBXBuildFile; fileRef = 4DCE4996113EDC0600D3FA09 /* SM3DARLibary.a */; };
		4DF508261141926100F55C3F /* sphere.test.pano.png in Resources */ = {isa = PBXBuildFile; fileRef = 4DF508251141926100F55C3F /* sphere.test.pano.png */; };
		4DF5082B1141937E00F55C3F /* sphere.schauspielhaus_hamburg.pano.png in Resources */ = {isa = PBXBuildFile; fileRef = 4DF5082A1141937E00F55C3F /* sphere.schauspielhaus_hamburg.pano.png */; };
		4DF5082D114193C200F55C3F /* sphere.timezones.pano.png in Resources */ = {isa = PBXBuildFile; fileRef = 4DF5082C114193C200F55C3F /* sphere.timezones.pano.png */; };
/* End PBXBuildFile section */

/* Begin PBXFileReference section */
		1D30AB110D05D00D00671497 /* Foundation.framework */ = {isa = PBXFileReference; lastKnownFileType = wrapper.framework; name = Foundation.framework; path = System/Library/Frameworks/Foundation.framework; sourceTree = SDKROOT; };
		1D3623240D0F684500981E51 /* Panoramic.h */ = {isa = PBXFileReference; fileEncoding = 4; lastKnownFileType = sourcecode.c.h; path = Panoramic.h; sourceTree = "<group>"; };
		1D3623250D0F684500981E51 /* Panoramic.m */ = {isa = PBXFileReference; fileEncoding = 4; lastKnownFileType = sourcecode.c.objc; path = Panoramic.m; sourceTree = "<group>"; };
		1D6058910D05DD3D006BFB54 /* Panoramic.app */ = {isa = PBXFileReference; explicitFileType = wrapper.application; includeInIndex = 0; path = Panoramic.app; sourceTree = BUILT_PRODUCTS_DIR; };
		1DF5F4DF0D08C38300B7A737 /* UIKit.framework */ = {isa = PBXFileReference; lastKnownFileType = wrapper.framework; name = UIKit.framework; path = System/Library/Frameworks/UIKit.framework; sourceTree = SDKROOT; };
		280E754A0DD40C5E005A515E /* FlipsideView.xib */ = {isa = PBXFileReference; lastKnownFileType = file.xib; path = FlipsideView.xib; sourceTree = "<group>"; };
		280E754B0DD40C5E005A515E /* MainView.xib */ = {isa = PBXFileReference; lastKnownFileType = file.xib; path = MainView.xib; sourceTree = "<group>"; };
		280E754C0DD40C5E005A515E /* MainWindow.xib */ = {isa = PBXFileReference; lastKnownFileType = file.xib; path = MainWindow.xib; sourceTree = "<group>"; };
		288765580DF743DE002DB57D /* CoreGraphics.framework */ = {isa = PBXFileReference; lastKnownFileType = wrapper.framework; name = CoreGraphics.framework; path = System/Library/Frameworks/CoreGraphics.framework; sourceTree = SDKROOT; };
		289233A20DB2D0840083E9F9 /* FlipsideView.h */ = {isa = PBXFileReference; fileEncoding = 4; lastKnownFileType = sourcecode.c.h; name = FlipsideView.h; path = Classes/FlipsideView.h; sourceTree = "<group>"; };
		289233A30DB2D0840083E9F9 /* FlipsideView.m */ = {isa = PBXFileReference; fileEncoding = 4; lastKnownFileType = sourcecode.c.objc; name = FlipsideView.m; path = Classes/FlipsideView.m; sourceTree = "<group>"; };
		289233A40DB2D0840083E9F9 /* MainView.h */ = {isa = PBXFileReference; fileEncoding = 4; lastKnownFileType = sourcecode.c.h; name = MainView.h; path = Classes/MainView.h; sourceTree = "<group>"; };
		289233A50DB2D0840083E9F9 /* MainView.m */ = {isa = PBXFileReference; fileEncoding = 4; lastKnownFileType = sourcecode.c.objc; name = MainView.m; path = Classes/MainView.m; sourceTree = "<group>"; };
		289233A80DB2D0DB0083E9F9 /* MainViewController.h */ = {isa = PBXFileReference; fileEncoding = 4; lastKnownFileType = sourcecode.c.h; name = MainViewController.h; path = Classes/MainViewController.h; sourceTree = "<group>"; };
		289233A90DB2D0DB0083E9F9 /* MainViewController.m */ = {isa = PBXFileReference; fileEncoding = 4; lastKnownFileType = sourcecode.c.objc; name = MainViewController.m; path = Classes/MainViewController.m; sourceTree = "<group>"; };
		289233AC0DB2D0DB0083E9F9 /* FlipsideViewController.h */ = {isa = PBXFileReference; fileEncoding = 4; lastKnownFileType = sourcecode.c.h; name = FlipsideViewController.h; path = Classes/FlipsideViewController.h; sourceTree = "<group>"; };
		289233AD0DB2D0DB0083E9F9 /* FlipsideViewController.m */ = {isa = PBXFileReference; fileEncoding = 4; lastKnownFileType = sourcecode.c.objc; name = FlipsideViewController.m; path = Classes/FlipsideViewController.m; sourceTree = "<group>"; };
		29B97316FDCFA39411CA2CEA /* main.m */ = {isa = PBXFileReference; fileEncoding = 4; lastKnownFileType = sourcecode.c.objc; path = main.m; sourceTree = "<group>"; };
		32CA4F630368D1EE00C91783 /* Panoramic_Prefix.pch */ = {isa = PBXFileReference; fileEncoding = 4; lastKnownFileType = sourcecode.c.h; path = Panoramic_Prefix.pch; sourceTree = "<group>"; };
		4D362E3D1132F3B800B4724A /* DPad_BG.png */ = {isa = PBXFileReference; lastKnownFileType = image.png; path = DPad_BG.png; sourceTree = "<group>"; };
		4D362E3E1132F3B800B4724A /* 64_white.png */ = {isa = PBXFileReference; lastKnownFileType = image.png; path = 64_white.png; sourceTree = "<group>"; };
		4D362E3F1132F3B800B4724A /* 128_white.png */ = {isa = PBXFileReference; lastKnownFileType = image.png; path = 128_white.png; sourceTree = "<group>"; };
		4D362F86113314D700B4724A /* 84_white.png */ = {isa = PBXFileReference; lastKnownFileType = image.png; path = 84_white.png; sourceTree = "<group>"; };
		4D59E65A1130B28B00AD04A7 /* 3dar.plist */ = {isa = PBXFileReference; fileEncoding = 4; lastKnownFileType = text.plist.xml; path = 3dar.plist; sourceTree = "<group>"; };
		4D59E65B1130B28B00AD04A7 /* 3dar_logo.png */ = {isa = PBXFileReference; lastKnownFileType = image.png; path = 3dar_logo.png; sourceTree = "<group>"; };
		4D59E65C1130B28B00AD04A7 /* 3dar_marker_icon1.png */ = {isa = PBXFileReference; lastKnownFileType = image.png; path = 3dar_marker_icon1.png; sourceTree = "<group>"; };
		4D59E65D1130B28B00AD04A7 /* 3dar_marker_icon2.png */ = {isa = PBXFileReference; lastKnownFileType = image.png; path = 3dar_marker_icon2.png; sourceTree = "<group>"; };
		4D59E65E1130B28B00AD04A7 /* 3dar_marker_icon3.png */ = {isa = PBXFileReference; lastKnownFileType = image.png; path = 3dar_marker_icon3.png; sourceTree = "<group>"; };
		4D59E65F1130B28B00AD04A7 /* 3dar_marker_icon4.png */ = {isa = PBXFileReference; lastKnownFileType = image.png; path = 3dar_marker_icon4.png; sourceTree = "<group>"; };
		4D59E6601130B28B00AD04A7 /* 3dar_marker_icon5.png */ = {isa = PBXFileReference; lastKnownFileType = image.png; path = 3dar_marker_icon5.png; sourceTree = "<group>"; };
		4D59E6611130B28B00AD04A7 /* 3dar_marker_icon6.png */ = {isa = PBXFileReference; lastKnownFileType = image.png; path = 3dar_marker_icon6.png; sourceTree = "<group>"; };
		4D59E6721130B2D500AD04A7 /* SM3DAR.h */ = {isa = PBXFileReference; fileEncoding = 4; lastKnownFileType = sourcecode.c.h; path = SM3DAR.h; sourceTree = "<group>"; };
		4D59E6771130B33C00AD04A7 /* CoreLocation.framework */ = {isa = PBXFileReference; lastKnownFileType = wrapper.framework; name = CoreLocation.framework; path = System/Library/Frameworks/CoreLocation.framework; sourceTree = SDKROOT; };
		4D59E6791130B33C00AD04A7 /* OpenGLES.framework */ = {isa = PBXFileReference; lastKnownFileType = wrapper.framework; name = OpenGLES.framework; path = System/Library/Frameworks/OpenGLES.framework; sourceTree = SDKROOT; };
		4D59E67B1130B33C00AD04A7 /* QuartzCore.framework */ = {isa = PBXFileReference; lastKnownFileType = wrapper.framework; name = QuartzCore.framework; path = System/Library/Frameworks/QuartzCore.framework; sourceTree = SDKROOT; };
		4D59E6891130B3C400AD04A7 /* MapKit.framework */ = {isa = PBXFileReference; lastKnownFileType = wrapper.framework; name = MapKit.framework; path = System/Library/Frameworks/MapKit.framework; sourceTree = SDKROOT; };
		4D59E6C11130B40F00AD04A7 /* Default.png */ = {isa = PBXFileReference; lastKnownFileType = image.png; path = Default.png; sourceTree = "<group>"; };
		4D59E6C21130B40F00AD04A7 /* Icon.png */ = {isa = PBXFileReference; lastKnownFileType = image.png; path = Icon.png; sourceTree = "<group>"; };
		4D59E6CE1130B43400AD04A7 /* SM3DAR_keys.txt */ = {isa = PBXFileReference; fileEncoding = 4; lastKnownFileType = text; path = SM3DAR_keys.txt; sourceTree = "<group>"; };
		4D59E6CF1130B43400AD04A7 /* bubble1.png */ = {isa = PBXFileReference; lastKnownFileType = image.png; path = bubble1.png; sourceTree = "<group>"; };
		4D59E6D01130B43400AD04A7 /* compass_rose.png */ = {isa = PBXFileReference; lastKnownFileType = image.png; path = compass_rose.png; sourceTree = "<group>"; };
		4D5ABBB81143199200F689D2 /* APIClient.h */ = {isa = PBXFileReference; fileEncoding = 4; lastKnownFileType = sourcecode.c.h; path = APIClient.h; sourceTree = "<group>"; };
		4D5ABBB91143199200F689D2 /* APIClient.m */ = {isa = PBXFileReference; fileEncoding = 4; lastKnownFileType = sourcecode.c.objc; path = APIClient.m; sourceTree = "<group>"; };
		4D5ABBBA1143199200F689D2 /* WebcamsTravelClient.h */ = {isa = PBXFileReference; fileEncoding = 4; lastKnownFileType = sourcecode.c.h; path = WebcamsTravelClient.h; sourceTree = "<group>"; };
		4D5ABBBB1143199200F689D2 /* WebcamsTravelClient.m */ = {isa = PBXFileReference; fileEncoding = 4; lastKnownFileType = sourcecode.c.objc; path = WebcamsTravelClient.m; sourceTree = "<group>"; };
		4D5ABBBC1143199200F689D2 /* YahooLocalSearch.h */ = {isa = PBXFileReference; fileEncoding = 4; lastKnownFileType = sourcecode.c.h; path = YahooLocalSearch.h; sourceTree = "<group>"; };
		4D5ABBBD1143199200F689D2 /* YahooLocalSearch.m */ = {isa = PBXFileReference; fileEncoding = 4; lastKnownFileType = sourcecode.c.objc; path = YahooLocalSearch.m; sourceTree = "<group>"; };
		4D5ABBBF1143199200F689D2 /* UIApplication_TLCommon.h */ = {isa = PBXFileReference; fileEncoding = 4; lastKnownFileType = sourcecode.c.h; path = UIApplication_TLCommon.h; sourceTree = "<group>"; };
		4D5ABBC01143199200F689D2 /* UIApplication_TLCommon.m */ = {isa = PBXFileReference; fileEncoding = 4; lastKnownFileType = sourcecode.c.objc; path = UIApplication_TLCommon.m; sourceTree = "<group>"; };
		4D5ABBC11143199200F689D2 /* UIColor_Expanded.h */ = {isa = PBXFileReference; fileEncoding = 4; lastKnownFileType = sourcecode.c.h; path = UIColor_Expanded.h; sourceTree = "<group>"; };
		4D5ABBC21143199200F689D2 /* UIColor_Expanded.m */ = {isa = PBXFileReference; fileEncoding = 4; lastKnownFileType = sourcecode.c.objc; path = UIColor_Expanded.m; sourceTree = "<group>"; };
		4D5ABBC41143199200F689D2 /* Dpad.h */ = {isa = PBXFileReference; fileEncoding = 4; lastKnownFileType = sourcecode.c.h; path = Dpad.h; sourceTree = "<group>"; };
		4D5ABBC51143199200F689D2 /* Dpad.m */ = {isa = PBXFileReference; fileEncoding = 4; lastKnownFileType = sourcecode.c.objc; path = Dpad.m; sourceTree = "<group>"; };
		4D5ABBC61143199200F689D2 /* Joystick.h */ = {isa = PBXFileReference; fileEncoding = 4; lastKnownFileType = sourcecode.c.h; path = Joystick.h; sourceTree = "<group>"; };
		4D5ABBC71143199200F689D2 /* Joystick.m */ = {isa = PBXFileReference; fileEncoding = 4; lastKnownFileType = sourcecode.c.objc; path = Joystick.m; sourceTree = "<group>"; };
		4D5ABBC91143199200F689D2 /* sphere.obj */ = {isa = PBXFileReference; fileEncoding = 4; lastKnownFileType = text; path = sphere.obj; sourceTree = "<group>"; };
		4D5ABBCA1143199200F689D2 /* sphere_texture1.png */ = {isa = PBXFileReference; lastKnownFileType = image.png; path = sphere_texture1.png; sourceTree = "<group>"; };
		4D5ABBCD1143199200F689D2 /* BSJSONEncoder.h */ = {isa = PBXFileReference; fileEncoding = 4; lastKnownFileType = sourcecode.c.h; path = BSJSONEncoder.h; sourceTree = "<group>"; };
		4D5ABBCE1143199200F689D2 /* BSJSONEncoder.m */ = {isa = PBXFileReference; fileEncoding = 4; lastKnownFileType = sourcecode.c.objc; path = BSJSONEncoder.m; sourceTree = "<group>"; };
		4D5ABBCF1143199200F689D2 /* NSArray+BSJSONAdditions.h */ = {isa = PBXFileReference; fileEncoding = 4; lastKnownFileType = sourcecode.c.h; path = "NSArray+BSJSONAdditions.h"; sourceTree = "<group>"; };
		4D5ABBD01143199200F689D2 /* NSArray+BSJSONAdditions.m */ = {isa = PBXFileReference; fileEncoding = 4; lastKnownFileType = sourcecode.c.objc; path = "NSArray+BSJSONAdditions.m"; sourceTree = "<group>"; };
		4D5ABBD11143199200F689D2 /* NSDictionary+BSJSONAdditions.h */ = {isa = PBXFileReference; fileEncoding = 4; lastKnownFileType = sourcecode.c.h; path = "NSDictionary+BSJSONAdditions.h"; sourceTree = "<group>"; };
		4D5ABBD21143199200F689D2 /* NSDictionary+BSJSONAdditions.m */ = {isa = PBXFileReference; fileEncoding = 4; lastKnownFileType = sourcecode.c.objc; path = "NSDictionary+BSJSONAdditions.m"; sourceTree = "<group>"; };
		4D5ABBD31143199200F689D2 /* NSScanner+BSJSONAdditions.h */ = {isa = PBXFileReference; fileEncoding = 4; lastKnownFileType = sourcecode.c.h; path = "NSScanner+BSJSONAdditions.h"; sourceTree = "<group>"; };
		4D5ABBD41143199200F689D2 /* NSScanner+BSJSONAdditions.m */ = {isa = PBXFileReference; fileEncoding = 4; lastKnownFileType = sourcecode.c.objc; path = "NSScanner+BSJSONAdditions.m"; sourceTree = "<group>"; };
		4D5ABBD51143199200F689D2 /* NSString+BSJSONAdditions.h */ = {isa = PBXFileReference; fileEncoding = 4; lastKnownFileType = sourcecode.c.h; path = "NSString+BSJSONAdditions.h"; sourceTree = "<group>"; };
		4D5ABBD61143199200F689D2 /* NSString+BSJSONAdditions.m */ = {isa = PBXFileReference; fileEncoding = 4; lastKnownFileType = sourcecode.c.objc; path = "NSString+BSJSONAdditions.m"; sourceTree = "<group>"; };
		4D5ABBDA1143199200F689D2 /* NSDictionary+ParamUtils.h */ = {isa = PBXFileReference; fileEncoding = 4; lastKnownFileType = sourcecode.c.h; path = "NSDictionary+ParamUtils.h"; sourceTree = "<group>"; };
		4D5ABBDB1143199200F689D2 /* NSDictionary+ParamUtils.m */ = {isa = PBXFileReference; fileEncoding = 4; lastKnownFileType = sourcecode.c.objc; path = "NSDictionary+ParamUtils.m"; sourceTree = "<group>"; };
		4D5ABBDC1143199200F689D2 /* NSObject+InvocationUtils.h */ = {isa = PBXFileReference; fileEncoding = 4; lastKnownFileType = sourcecode.c.h; path = "NSObject+InvocationUtils.h"; sourceTree = "<group>"; };
		4D5ABBDD1143199200F689D2 /* NSObject+InvocationUtils.m */ = {isa = PBXFileReference; fileEncoding = 4; lastKnownFileType = sourcecode.c.objc; path = "NSObject+InvocationUtils.m"; sourceTree = "<group>"; };
		4D5ABBDE1143199200F689D2 /* NSString+EscapingUtils.h */ = {isa = PBXFileReference; fileEncoding = 4; lastKnownFileType = sourcecode.c.h; path = "NSString+EscapingUtils.h"; sourceTree = "<group>"; };
		4D5ABBDF1143199200F689D2 /* NSString+EscapingUtils.m */ = {isa = PBXFileReference; fileEncoding = 4; lastKnownFileType = sourcecode.c.objc; path = "NSString+EscapingUtils.m"; sourceTree = "<group>"; };
		4D5ABBE11143199200F689D2 /* HRFormatJSON.h */ = {isa = PBXFileReference; fileEncoding = 4; lastKnownFileType = sourcecode.c.h; path = HRFormatJSON.h; sourceTree = "<group>"; };
		4D5ABBE21143199200F689D2 /* HRFormatJSON.m */ = {isa = PBXFileReference; fileEncoding = 4; lastKnownFileType = sourcecode.c.objc; path = HRFormatJSON.m; sourceTree = "<group>"; };
		4D5ABBE31143199200F689D2 /* HRFormatterProtocol.h */ = {isa = PBXFileReference; fileEncoding = 4; lastKnownFileType = sourcecode.c.h; path = HRFormatterProtocol.h; sourceTree = "<group>"; };
		4D5ABBE41143199200F689D2 /* HRFormatXML.h */ = {isa = PBXFileReference; fileEncoding = 4; lastKnownFileType = sourcecode.c.h; path = HRFormatXML.h; sourceTree = "<group>"; };
		4D5ABBE51143199200F689D2 /* HRFormatXML.m */ = {isa = PBXFileReference; fileEncoding = 4; lastKnownFileType = sourcecode.c.objc; path = HRFormatXML.m; sourceTree = "<group>"; };
		4D5ABBE61143199200F689D2 /* HRGlobal.h */ = {isa = PBXFileReference; fileEncoding = 4; lastKnownFileType = sourcecode.c.h; path = HRGlobal.h; sourceTree = "<group>"; };
		4D5ABBE71143199200F689D2 /* HRGlobal.m */ = {isa = PBXFileReference; fileEncoding = 4; lastKnownFileType = sourcecode.c.objc; path = HRGlobal.m; sourceTree = "<group>"; };
		4D5ABBE81143199200F689D2 /* HROperationQueue.h */ = {isa = PBXFileReference; fileEncoding = 4; lastKnownFileType = sourcecode.c.h; path = HROperationQueue.h; sourceTree = "<group>"; };
		4D5ABBE91143199200F689D2 /* HROperationQueue.m */ = {isa = PBXFileReference; fileEncoding = 4; lastKnownFileType = sourcecode.c.objc; path = HROperationQueue.m; sourceTree = "<group>"; };
		4D5ABBEA1143199200F689D2 /* HRRequestOperation.h */ = {isa = PBXFileReference; fileEncoding = 4; lastKnownFileType = sourcecode.c.h; path = HRRequestOperation.h; sourceTree = "<group>"; };
		4D5ABBEB1143199200F689D2 /* HRRequestOperation.m */ = {isa = PBXFileReference; fileEncoding = 4; lastKnownFileType = sourcecode.c.objc; path = HRRequestOperation.m; sourceTree = "<group>"; };
		4D5ABBEC1143199200F689D2 /* HRResponseDelegate.h */ = {isa = PBXFileReference; fileEncoding = 4; lastKnownFileType = sourcecode.c.h; path = HRResponseDelegate.h; sourceTree = "<group>"; };
		4D5ABBED1143199200F689D2 /* HRRestModel.h */ = {isa = PBXFileReference; fileEncoding = 4; lastKnownFileType = sourcecode.c.h; path = HRRestModel.h; sourceTree = "<group>"; };
		4D5ABBEE1143199200F689D2 /* HRRestModel.m */ = {isa = PBXFileReference; fileEncoding = 4; lastKnownFileType = sourcecode.c.objc; path = HRRestModel.m; sourceTree = "<group>"; };
		4D5ABBEF1143199200F689D2 /* HTTPRiot.h */ = {isa = PBXFileReference; fileEncoding = 4; lastKnownFileType = sourcecode.c.h; path = HTTPRiot.h; sourceTree = "<group>"; };
		4D5ABBF01143199200F689D2 /* HTTPRiot_Prefix.pch */ = {isa = PBXFileReference; fileEncoding = 4; lastKnownFileType = sourcecode.c.h; path = HTTPRiot_Prefix.pch; sourceTree = "<group>"; };
		4D5ABBF21143199200F689D2 /* HRBase64.h */ = {isa = PBXFileReference; fileEncoding = 4; lastKnownFileType = sourcecode.c.h; path = HRBase64.h; sourceTree = "<group>"; };
		4D5ABBF31143199200F689D2 /* HRBase64.m */ = {isa = PBXFileReference; fileEncoding = 4; lastKnownFileType = sourcecode.c.objc; path = HRBase64.m; sourceTree = "<group>"; };
		4D5ABBF61143199200F689D2 /* AIXMLDocumentSerialize.h */ = {isa = PBXFileReference; fileEncoding = 4; lastKnownFileType = sourcecode.c.h; path = AIXMLDocumentSerialize.h; sourceTree = "<group>"; };
		4D5ABBF71143199200F689D2 /* AIXMLDocumentSerialize.m */ = {isa = PBXFileReference; fileEncoding = 4; lastKnownFileType = sourcecode.c.objc; path = AIXMLDocumentSerialize.m; sourceTree = "<group>"; };
		4D5ABBF81143199200F689D2 /* AIXMLElementSerialize.h */ = {isa = PBXFileReference; fileEncoding = 4; lastKnownFileType = sourcecode.c.h; path = AIXMLElementSerialize.h; sourceTree = "<group>"; };
		4D5ABBF91143199200F689D2 /* AIXMLElementSerialize.m */ = {isa = PBXFileReference; fileEncoding = 4; lastKnownFileType = sourcecode.c.objc; path = AIXMLElementSerialize.m; sourceTree = "<group>"; };
		4D5ABBFA1143199200F689D2 /* AIXMLSerialization.h */ = {isa = PBXFileReference; fileEncoding = 4; lastKnownFileType = sourcecode.c.h; path = AIXMLSerialization.h; sourceTree = "<group>"; };
		4D5ABBFC1143199200F689D2 /* GHAsyncTestCase.h */ = {isa = PBXFileReference; fileEncoding = 4; lastKnownFileType = sourcecode.c.h; path = GHAsyncTestCase.h; sourceTree = "<group>"; };
		4D5ABBFD1143199200F689D2 /* GHMockCLLocationManager.h */ = {isa = PBXFileReference; fileEncoding = 4; lastKnownFileType = sourcecode.c.h; path = GHMockCLLocationManager.h; sourceTree = "<group>"; };
		4D5ABBFE1143199200F689D2 /* GHMockNSHTTPURLResponse.h */ = {isa = PBXFileReference; fileEncoding = 4; lastKnownFileType = sourcecode.c.h; path = GHMockNSHTTPURLResponse.h; sourceTree = "<group>"; };
		4D5ABBFF1143199200F689D2 /* GHMockNSURLConnection.h */ = {isa = PBXFileReference; fileEncoding = 4; lastKnownFileType = sourcecode.c.h; path = GHMockNSURLConnection.h; sourceTree = "<group>"; };
		4D5ABC001143199200F689D2 /* GHNSLocale+Mock.h */ = {isa = PBXFileReference; fileEncoding = 4; lastKnownFileType = sourcecode.c.h; path = "GHNSLocale+Mock.h"; sourceTree = "<group>"; };
		4D5ABC011143199200F689D2 /* GHTest.h */ = {isa = PBXFileReference; fileEncoding = 4; lastKnownFileType = sourcecode.c.h; path = GHTest.h; sourceTree = "<group>"; };
		4D5ABC021143199200F689D2 /* GHTestCase.h */ = {isa = PBXFileReference; fileEncoding = 4; lastKnownFileType = sourcecode.c.h; path = GHTestCase.h; sourceTree = "<group>"; };
		4D5ABC031143199200F689D2 /* GHTestGroup.h */ = {isa = PBXFileReference; fileEncoding = 4; lastKnownFileType = sourcecode.c.h; path = GHTestGroup.h; sourceTree = "<group>"; };
		4D5ABC041143199200F689D2 /* GHTesting.h */ = {isa = PBXFileReference; fileEncoding = 4; lastKnownFileType = sourcecode.c.h; path = GHTesting.h; sourceTree = "<group>"; };
		4D5ABC051143199200F689D2 /* GHTestMacros.h */ = {isa = PBXFileReference; fileEncoding = 4; lastKnownFileType = sourcecode.c.h; path = GHTestMacros.h; sourceTree = "<group>"; };
		4D5ABC061143199200F689D2 /* GHTestRunner.h */ = {isa = PBXFileReference; fileEncoding = 4; lastKnownFileType = sourcecode.c.h; path = GHTestRunner.h; sourceTree = "<group>"; };
		4D5ABC071143199200F689D2 /* GHTestSuite.h */ = {isa = PBXFileReference; fileEncoding = 4; lastKnownFileType = sourcecode.c.h; path = GHTestSuite.h; sourceTree = "<group>"; };
		4D5ABC081143199200F689D2 /* GHUITestCase.h */ = {isa = PBXFileReference; fileEncoding = 4; lastKnownFileType = sourcecode.c.h; path = GHUITestCase.h; sourceTree = "<group>"; };
		4D5ABC091143199200F689D2 /* GHUnit.h */ = {isa = PBXFileReference; fileEncoding = 4; lastKnownFileType = sourcecode.c.h; path = GHUnit.h; sourceTree = "<group>"; };
		4D5ABC0A1143199200F689D2 /* GHUNSObject+Swizzle.h */ = {isa = PBXFileReference; fileEncoding = 4; lastKnownFileType = sourcecode.c.h; path = "GHUNSObject+Swizzle.h"; sourceTree = "<group>"; };
		4D5ABC0B1143199200F689D2 /* libGHUnitIPhone2_1.a */ = {isa = PBXFileReference; lastKnownFileType = archive.ar; path = libGHUnitIPhone2_1.a; sourceTree = "<group>"; };
		4D5ABC0C1143199200F689D2 /* RunTests.sh */ = {isa = PBXFileReference; fileEncoding = 4; lastKnownFileType = text.script.sh; path = RunTests.sh; sourceTree = "<group>"; };
		4D5ABC0E1143199200F689D2 /* CREDITS */ = {isa = PBXFileReference; fileEncoding = 4; lastKnownFileType = text; path = CREDITS; sourceTree = "<group>"; };
		4D5ABC0F1143199200F689D2 /* JSON.h */ = {isa = PBXFileReference; fileEncoding = 4; lastKnownFileType = sourcecode.c.h; path = JSON.h; sourceTree = "<group>"; };
		4D5ABC101143199200F689D2 /* NSObject+SBJSON.h */ = {isa = PBXFileReference; fileEncoding = 4; lastKnownFileType = sourcecode.c.h; path = "NSObject+SBJSON.h"; sourceTree = "<group>"; };
		4D5ABC111143199200F689D2 /* NSObject+SBJSON.m */ = {isa = PBXFileReference; fileEncoding = 4; lastKnownFileType = sourcecode.c.objc; path = "NSObject+SBJSON.m"; sourceTree = "<group>"; };
		4D5ABC121143199200F689D2 /* NSString+SBJSON.h */ = {isa = PBXFileReference; fileEncoding = 4; lastKnownFileType = sourcecode.c.h; path = "NSString+SBJSON.h"; sourceTree = "<group>"; };
		4D5ABC131143199200F689D2 /* NSString+SBJSON.m */ = {isa = PBXFileReference; fileEncoding = 4; lastKnownFileType = sourcecode.c.objc; path = "NSString+SBJSON.m"; sourceTree = "<group>"; };
		4D5ABC141143199200F689D2 /* SBJSON.h */ = {isa = PBXFileReference; fileEncoding = 4; lastKnownFileType = sourcecode.c.h; path = SBJSON.h; sourceTree = "<group>"; };
		4D5ABC151143199200F689D2 /* SBJSON.m */ = {isa = PBXFileReference; fileEncoding = 4; lastKnownFileType = sourcecode.c.objc; path = SBJSON.m; sourceTree = "<group>"; };
		4D5ABC161143199200F689D2 /* SBJsonBase.h */ = {isa = PBXFileReference; fileEncoding = 4; lastKnownFileType = sourcecode.c.h; path = SBJsonBase.h; sourceTree = "<group>"; };
		4D5ABC171143199200F689D2 /* SBJsonBase.m */ = {isa = PBXFileReference; fileEncoding = 4; lastKnownFileType = sourcecode.c.objc; path = SBJsonBase.m; sourceTree = "<group>"; };
		4D5ABC181143199200F689D2 /* SBJsonParser.h */ = {isa = PBXFileReference; fileEncoding = 4; lastKnownFileType = sourcecode.c.h; path = SBJsonParser.h; sourceTree = "<group>"; };
		4D5ABC191143199200F689D2 /* SBJsonParser.m */ = {isa = PBXFileReference; fileEncoding = 4; lastKnownFileType = sourcecode.c.objc; path = SBJsonParser.m; sourceTree = "<group>"; };
		4D5ABC1A1143199200F689D2 /* SBJsonWriter.h */ = {isa = PBXFileReference; fileEncoding = 4; lastKnownFileType = sourcecode.c.h; path = SBJsonWriter.h; sourceTree = "<group>"; };
		4D5ABC1B1143199200F689D2 /* SBJsonWriter.m */ = {isa = PBXFileReference; fileEncoding = 4; lastKnownFileType = sourcecode.c.objc; path = SBJsonWriter.m; sourceTree = "<group>"; };
		4D5ABC1D1143199200F689D2 /* DDXML.h */ = {isa = PBXFileReference; fileEncoding = 4; lastKnownFileType = sourcecode.c.h; path = DDXML.h; sourceTree = "<group>"; };
		4D5ABC1E1143199200F689D2 /* DDXMLDocument.h */ = {isa = PBXFileReference; fileEncoding = 4; lastKnownFileType = sourcecode.c.h; path = DDXMLDocument.h; sourceTree = "<group>"; };
		4D5ABC1F1143199200F689D2 /* DDXMLDocument.m */ = {isa = PBXFileReference; fileEncoding = 4; lastKnownFileType = sourcecode.c.objc; path = DDXMLDocument.m; sourceTree = "<group>"; };
		4D5ABC201143199200F689D2 /* DDXMLElement.h */ = {isa = PBXFileReference; fileEncoding = 4; lastKnownFileType = sourcecode.c.h; path = DDXMLElement.h; sourceTree = "<group>"; };
		4D5ABC211143199200F689D2 /* DDXMLElement.m */ = {isa = PBXFileReference; fileEncoding = 4; lastKnownFileType = sourcecode.c.objc; path = DDXMLElement.m; sourceTree = "<group>"; };
		4D5ABC221143199200F689D2 /* DDXMLElementAdditions.h */ = {isa = PBXFileReference; fileEncoding = 4; lastKnownFileType = sourcecode.c.h; path = DDXMLElementAdditions.h; sourceTree = "<group>"; };
		4D5ABC231143199200F689D2 /* DDXMLElementAdditions.m */ = {isa = PBXFileReference; fileEncoding = 4; lastKnownFileType = sourcecode.c.objc; path = DDXMLElementAdditions.m; sourceTree = "<group>"; };
		4D5ABC241143199200F689D2 /* DDXMLNode.h */ = {isa = PBXFileReference; fileEncoding = 4; lastKnownFileType = sourcecode.c.h; path = DDXMLNode.h; sourceTree = "<group>"; };
		4D5ABC251143199200F689D2 /* DDXMLNode.m */ = {isa = PBXFileReference; fileEncoding = 4; lastKnownFileType = sourcecode.c.objc; path = DDXMLNode.m; sourceTree = "<group>"; };
		4D5ABC261143199200F689D2 /* DDXMLPrivate.h */ = {isa = PBXFileReference; fileEncoding = 4; lastKnownFileType = sourcecode.c.h; path = DDXMLPrivate.h; sourceTree = "<group>"; };
		4D5ABC271143199200F689D2 /* NSStringAdditions.h */ = {isa = PBXFileReference; fileEncoding = 4; lastKnownFileType = sourcecode.c.h; path = NSStringAdditions.h; sourceTree = "<group>"; };
		4D5ABC281143199200F689D2 /* NSStringAdditions.m */ = {isa = PBXFileReference; fileEncoding = 4; lastKnownFileType = sourcecode.c.objc; path = NSStringAdditions.m; sourceTree = "<group>"; };
		4D5ABC2A1143199200F689D2 /* Model.h */ = {isa = PBXFileReference; fileEncoding = 4; lastKnownFileType = sourcecode.c.h; path = Model.h; sourceTree = "<group>"; };
		4D5ABC2B1143199200F689D2 /* Model.m */ = {isa = PBXFileReference; fileEncoding = 4; lastKnownFileType = sourcecode.c.objc; path = Model.m; sourceTree = "<group>"; };
		4D5ABC2C1143199200F689D2 /* Webcam.h */ = {isa = PBXFileReference; fileEncoding = 4; lastKnownFileType = sourcecode.c.h; path = Webcam.h; sourceTree = "<group>"; };
		4D5ABC2D1143199200F689D2 /* Webcam.m */ = {isa = PBXFileReference; fileEncoding = 4; lastKnownFileType = sourcecode.c.objc; path = Webcam.m; sourceTree = "<group>"; };
		4D5ABC2F1143199200F689D2 /* AsyncArtworkFetcher.h */ = {isa = PBXFileReference; fileEncoding = 4; lastKnownFileType = sourcecode.c.h; path = AsyncArtworkFetcher.h; sourceTree = "<group>"; };
		4D5ABC301143199200F689D2 /* AsyncArtworkFetcher.m */ = {isa = PBXFileReference; fileEncoding = 4; lastKnownFileType = sourcecode.c.objc; path = AsyncArtworkFetcher.m; sourceTree = "<group>"; };
		4D5ABC311143199200F689D2 /* CGPointUtil.h */ = {isa = PBXFileReference; fileEncoding = 4; lastKnownFileType = sourcecode.c.h; path = CGPointUtil.h; sourceTree = "<group>"; };
		4D5ABC321143199200F689D2 /* CGPointUtil.m */ = {isa = PBXFileReference; fileEncoding = 4; lastKnownFileType = sourcecode.c.objc; path = CGPointUtil.m; sourceTree = "<group>"; };
		4D5ABC341143199200F689D2 /* AnimatedSphereView.h */ = {isa = PBXFileReference; fileEncoding = 4; lastKnownFileType = sourcecode.c.h; path = AnimatedSphereView.h; sourceTree = "<group>"; };
		4D5ABC351143199200F689D2 /* AnimatedSphereView.mm */ = {isa = PBXFileReference; fileEncoding = 4; lastKnownFileType = sourcecode.cpp.objcpp; path = AnimatedSphereView.mm; sourceTree = "<group>"; };
		4D5ABC361143199200F689D2 /* BubbleMarkerView.h */ = {isa = PBXFileReference; fileEncoding = 4; lastKnownFileType = sourcecode.c.h; path = BubbleMarkerView.h; sourceTree = "<group>"; };
		4D5ABC371143199200F689D2 /* BubbleMarkerView.m */ = {isa = PBXFileReference; fileEncoding = 4; lastKnownFileType = sourcecode.c.objc; path = BubbleMarkerView.m; sourceTree = "<group>"; };
		4D5ABC381143199200F689D2 /* CubeView.h */ = {isa = PBXFileReference; fileEncoding = 4; lastKnownFileType = sourcecode.c.h; path = CubeView.h; sourceTree = "<group>"; };
		4D5ABC391143199200F689D2 /* CubeView.mm */ = {isa = PBXFileReference; fileEncoding = 4; lastKnownFileType = sourcecode.cpp.objcpp; path = CubeView.mm; sourceTree = "<group>"; };
		4D5ABC3A1143199200F689D2 /* RoundedLabelMarkerView.h */ = {isa = PBXFileReference; fileEncoding = 4; lastKnownFileType = sourcecode.c.h; path = RoundedLabelMarkerView.h; sourceTree = "<group>"; };
		4D5ABC3B1143199200F689D2 /* RoundedLabelMarkerView.m */ = {isa = PBXFileReference; fileEncoding = 4; lastKnownFileType = sourcecode.c.objc; path = RoundedLabelMarkerView.m; sourceTree = "<group>"; };
		4D5ABC3C1143199200F689D2 /* SphereView.h */ = {isa = PBXFileReference; fileEncoding = 4; lastKnownFileType = sourcecode.c.h; path = SphereView.h; sourceTree = "<group>"; };
		4D5ABC3D1143199200F689D2 /* SphereView.mm */ = {isa = PBXFileReference; fileEncoding = 4; lastKnownFileType = sourcecode.cpp.objcpp; path = SphereView.mm; sourceTree = "<group>"; };
		4D5ABC3E1143199200F689D2 /* TexturedGeometryView.h */ = {isa = PBXFileReference; fileEncoding = 4; lastKnownFileType = sourcecode.c.h; path = TexturedGeometryView.h; sourceTree = "<group>"; };
		4D5ABC3F1143199200F689D2 /* TexturedGeometryView.mm */ = {isa = PBXFileReference; fileEncoding = 4; lastKnownFileType = sourcecode.cpp.objcpp; path = TexturedGeometryView.mm; sourceTree = "<group>"; };
		4D7350E411349C0A00331FE3 /* sphere.pano.png */ = {isa = PBXFileReference; lastKnownFileType = image.png; path = sphere.pano.png; sourceTree = "<group>"; };
		4D7350E611349FC800331FE3 /* cube.pano.png */ = {isa = PBXFileReference; lastKnownFileType = image.png; path = cube.pano.png; sourceTree = "<group>"; };
		4DCE4996113EDC0600D3FA09 /* SM3DARLibary.a */ = {isa = PBXFileReference; lastKnownFileType = archive.ar; path = SM3DARLibary.a; sourceTree = "<group>"; };
		4DF508251141926100F55C3F /* sphere.test.pano.png */ = {isa = PBXFileReference; lastKnownFileType = image.png; path = sphere.test.pano.png; sourceTree = "<group>"; };
		4DF5082A1141937E00F55C3F /* sphere.schauspielhaus_hamburg.pano.png */ = {isa = PBXFileReference; lastKnownFileType = image.png; path = sphere.schauspielhaus_hamburg.pano.png; sourceTree = "<group>"; };
		4DF5082C114193C200F55C3F /* sphere.timezones.pano.png */ = {isa = PBXFileReference; lastKnownFileType = image.png; path = sphere.timezones.pano.png; sourceTree = "<group>"; };
		8D1107310486CEB800E47090 /* Panoramic-Info.plist */ = {isa = PBXFileReference; fileEncoding = 4; lastKnownFileType = text.plist.xml; path = "Panoramic-Info.plist"; plistStructureDefinitionIdentifier = "com.apple.xcode.plist.structure-definition.iphone.info-plist"; sourceTree = "<group>"; };
/* End PBXFileReference section */

/* Begin PBXFrameworksBuildPhase section */
		1D60588F0D05DD3D006BFB54 /* Frameworks */ = {
			isa = PBXFrameworksBuildPhase;
			buildActionMask = 2147483647;
			files = (
				1D60589F0D05DD5A006BFB54 /* Foundation.framework in Frameworks */,
				1DF5F4E00D08C38300B7A737 /* UIKit.framework in Frameworks */,
				288765590DF743DE002DB57D /* CoreGraphics.framework in Frameworks */,
				4D59E6781130B33C00AD04A7 /* CoreLocation.framework in Frameworks */,
				4D59E67A1130B33C00AD04A7 /* OpenGLES.framework in Frameworks */,
				4D59E67C1130B33C00AD04A7 /* QuartzCore.framework in Frameworks */,
				4D59E68A1130B3C400AD04A7 /* MapKit.framework in Frameworks */,
				4DCE4997113EDC0600D3FA09 /* SM3DARLibary.a in Frameworks */,
				4D5ABC5A1143199200F689D2 /* libGHUnitIPhone2_1.a in Frameworks */,
			);
			runOnlyForDeploymentPostprocessing = 0;
		};
/* End PBXFrameworksBuildPhase section */

/* Begin PBXGroup section */
		080E96DDFE201D6D7F000001 /* Application Delegate */ = {
			isa = PBXGroup;
			children = (
				1D3623240D0F684500981E51 /* Panoramic.h */,
				1D3623250D0F684500981E51 /* Panoramic.m */,
			);
			name = "Application Delegate";
			path = Classes;
			sourceTree = "<group>";
		};
		19C28FACFE9D520D11CA2CBB /* Products */ = {
			isa = PBXGroup;
			children = (
				1D6058910D05DD3D006BFB54 /* Panoramic.app */,
			);
			name = Products;
			sourceTree = "<group>";
		};
		281C6CD70DB2D82200F60ACC /* Flipside View */ = {
			isa = PBXGroup;
			children = (
				289233A20DB2D0840083E9F9 /* FlipsideView.h */,
				289233A30DB2D0840083E9F9 /* FlipsideView.m */,
				289233AC0DB2D0DB0083E9F9 /* FlipsideViewController.h */,
				289233AD0DB2D0DB0083E9F9 /* FlipsideViewController.m */,
			);
			name = "Flipside View";
			sourceTree = "<group>";
		};
		289233A00DB2D0730083E9F9 /* Main View */ = {
			isa = PBXGroup;
			children = (
				289233A40DB2D0840083E9F9 /* MainView.h */,
				289233A50DB2D0840083E9F9 /* MainView.m */,
				289233A80DB2D0DB0083E9F9 /* MainViewController.h */,
				289233A90DB2D0DB0083E9F9 /* MainViewController.m */,
			);
			name = "Main View";
			sourceTree = "<group>";
		};
		29B97314FDCFA39411CA2CEA /* CustomTemplate */ = {
			isa = PBXGroup;
			children = (
				4D59E6591130B28B00AD04A7 /* SM3DAR */,
				4D5ABBB61143199200F689D2 /* SM3DAR_Common */,
				289233A00DB2D0730083E9F9 /* Main View */,
				281C6CD70DB2D82200F60ACC /* Flipside View */,
				080E96DDFE201D6D7F000001 /* Application Delegate */,
				29B97315FDCFA39411CA2CEA /* Other Sources */,
				29B97317FDCFA39411CA2CEA /* Resources */,
				29B97323FDCFA39411CA2CEA /* Frameworks */,
				19C28FACFE9D520D11CA2CBB /* Products */,
			);
			name = CustomTemplate;
			sourceTree = "<group>";
		};
		29B97315FDCFA39411CA2CEA /* Other Sources */ = {
			isa = PBXGroup;
			children = (
				32CA4F630368D1EE00C91783 /* Panoramic_Prefix.pch */,
				29B97316FDCFA39411CA2CEA /* main.m */,
			);
			name = "Other Sources";
			sourceTree = "<group>";
		};
		29B97317FDCFA39411CA2CEA /* Resources */ = {
			isa = PBXGroup;
			children = (
				4D7350E411349C0A00331FE3 /* sphere.pano.png */,
				4DF5082C114193C200F55C3F /* sphere.timezones.pano.png */,
				4DF5082A1141937E00F55C3F /* sphere.schauspielhaus_hamburg.pano.png */,
				4DF508251141926100F55C3F /* sphere.test.pano.png */,
				4D7350E611349FC800331FE3 /* cube.pano.png */,
				4D362E3D1132F3B800B4724A /* DPad_BG.png */,
				4D362E3E1132F3B800B4724A /* 64_white.png */,
				4D362F86113314D700B4724A /* 84_white.png */,
				4D362E3F1132F3B800B4724A /* 128_white.png */,
				4D59E6C11130B40F00AD04A7 /* Default.png */,
				4D59E6C21130B40F00AD04A7 /* Icon.png */,
				280E754A0DD40C5E005A515E /* FlipsideView.xib */,
				280E754B0DD40C5E005A515E /* MainView.xib */,
				280E754C0DD40C5E005A515E /* MainWindow.xib */,
				8D1107310486CEB800E47090 /* Panoramic-Info.plist */,
			);
			name = Resources;
			sourceTree = "<group>";
		};
		29B97323FDCFA39411CA2CEA /* Frameworks */ = {
			isa = PBXGroup;
			children = (
				4D59E6771130B33C00AD04A7 /* CoreLocation.framework */,
				4D59E6791130B33C00AD04A7 /* OpenGLES.framework */,
				4D59E67B1130B33C00AD04A7 /* QuartzCore.framework */,
				4D59E6891130B3C400AD04A7 /* MapKit.framework */,
				1DF5F4DF0D08C38300B7A737 /* UIKit.framework */,
				1D30AB110D05D00D00671497 /* Foundation.framework */,
				288765580DF743DE002DB57D /* CoreGraphics.framework */,
			);
			name = Frameworks;
			sourceTree = "<group>";
		};
		4D59E6591130B28B00AD04A7 /* SM3DAR */ = {
			isa = PBXGroup;
			children = (
				4DCE4996113EDC0600D3FA09 /* SM3DARLibary.a */,
				4D59E6CE1130B43400AD04A7 /* SM3DAR_keys.txt */,
				4D59E6CF1130B43400AD04A7 /* bubble1.png */,
				4D59E6D01130B43400AD04A7 /* compass_rose.png */,
				4D59E65A1130B28B00AD04A7 /* 3dar.plist */,
				4D59E65B1130B28B00AD04A7 /* 3dar_logo.png */,
				4D59E65C1130B28B00AD04A7 /* 3dar_marker_icon1.png */,
				4D59E65D1130B28B00AD04A7 /* 3dar_marker_icon2.png */,
				4D59E65E1130B28B00AD04A7 /* 3dar_marker_icon3.png */,
				4D59E65F1130B28B00AD04A7 /* 3dar_marker_icon4.png */,
				4D59E6601130B28B00AD04A7 /* 3dar_marker_icon5.png */,
				4D59E6611130B28B00AD04A7 /* 3dar_marker_icon6.png */,
				4D59E6721130B2D500AD04A7 /* SM3DAR.h */,
			);
			path = SM3DAR;
			sourceTree = "<group>";
		};
		4D5ABBB61143199200F689D2 /* SM3DAR_Common */ = {
			isa = PBXGroup;
			children = (
				4D5ABBB71143199200F689D2 /* API */,
				4D5ABBBE1143199200F689D2 /* Categories */,
				4D5ABBC31143199200F689D2 /* Controls */,
				4D5ABBC81143199200F689D2 /* Data */,
				4D5ABBCB1143199200F689D2 /* Lib */,
				4D5ABC291143199200F689D2 /* Models */,
				4D5ABC2E1143199200F689D2 /* Utilities */,
				4D5ABC331143199200F689D2 /* Views */,
			);
			path = SM3DAR_Common;
			sourceTree = "<group>";
		};
		4D5ABBB71143199200F689D2 /* API */ = {
			isa = PBXGroup;
			children = (
				4D5ABBB81143199200F689D2 /* APIClient.h */,
				4D5ABBB91143199200F689D2 /* APIClient.m */,
				4D5ABBBA1143199200F689D2 /* WebcamsTravelClient.h */,
				4D5ABBBB1143199200F689D2 /* WebcamsTravelClient.m */,
				4D5ABBBC1143199200F689D2 /* YahooLocalSearch.h */,
				4D5ABBBD1143199200F689D2 /* YahooLocalSearch.m */,
			);
			path = API;
			sourceTree = "<group>";
		};
		4D5ABBBE1143199200F689D2 /* Categories */ = {
			isa = PBXGroup;
			children = (
				4D5ABBBF1143199200F689D2 /* UIApplication_TLCommon.h */,
				4D5ABBC01143199200F689D2 /* UIApplication_TLCommon.m */,
				4D5ABBC11143199200F689D2 /* UIColor_Expanded.h */,
				4D5ABBC21143199200F689D2 /* UIColor_Expanded.m */,
			);
			path = Categories;
			sourceTree = "<group>";
		};
		4D5ABBC31143199200F689D2 /* Controls */ = {
			isa = PBXGroup;
			children = (
				4D5ABBC41143199200F689D2 /* Dpad.h */,
				4D5ABBC51143199200F689D2 /* Dpad.m */,
				4D5ABBC61143199200F689D2 /* Joystick.h */,
				4D5ABBC71143199200F689D2 /* Joystick.m */,
			);
			path = Controls;
			sourceTree = "<group>";
		};
		4D5ABBC81143199200F689D2 /* Data */ = {
			isa = PBXGroup;
			children = (
				4D5ABBC91143199200F689D2 /* sphere.obj */,
				4D5ABBCA1143199200F689D2 /* sphere_texture1.png */,
			);
			path = Data;
			sourceTree = "<group>";
		};
		4D5ABBCB1143199200F689D2 /* Lib */ = {
			isa = PBXGroup;
			children = (
				4D5ABBCC1143199200F689D2 /* BSJSONAdditions */,
				4D5ABBD71143199200F689D2 /* HTTPRiot */,
			);
			path = Lib;
			sourceTree = "<group>";
		};
		4D5ABBCC1143199200F689D2 /* BSJSONAdditions */ = {
			isa = PBXGroup;
			children = (
				4D5ABBCD1143199200F689D2 /* BSJSONEncoder.h */,
				4D5ABBCE1143199200F689D2 /* BSJSONEncoder.m */,
				4D5ABBCF1143199200F689D2 /* NSArray+BSJSONAdditions.h */,
				4D5ABBD01143199200F689D2 /* NSArray+BSJSONAdditions.m */,
				4D5ABBD11143199200F689D2 /* NSDictionary+BSJSONAdditions.h */,
				4D5ABBD21143199200F689D2 /* NSDictionary+BSJSONAdditions.m */,
				4D5ABBD31143199200F689D2 /* NSScanner+BSJSONAdditions.h */,
				4D5ABBD41143199200F689D2 /* NSScanner+BSJSONAdditions.m */,
				4D5ABBD51143199200F689D2 /* NSString+BSJSONAdditions.h */,
				4D5ABBD61143199200F689D2 /* NSString+BSJSONAdditions.m */,
			);
			path = BSJSONAdditions;
			sourceTree = "<group>";
		};
		4D5ABBD71143199200F689D2 /* HTTPRiot */ = {
			isa = PBXGroup;
			children = (
				4D5ABBD81143199200F689D2 /* httpriot-0.6.6 */,
			);
			path = HTTPRiot;
			sourceTree = "<group>";
		};
		4D5ABBD81143199200F689D2 /* httpriot-0.6.6 */ = {
			isa = PBXGroup;
			children = (
				4D5ABBD91143199200F689D2 /* Extensions */,
				4D5ABBE01143199200F689D2 /* Formatters */,
				4D5ABBE61143199200F689D2 /* HRGlobal.h */,
				4D5ABBE71143199200F689D2 /* HRGlobal.m */,
				4D5ABBE81143199200F689D2 /* HROperationQueue.h */,
				4D5ABBE91143199200F689D2 /* HROperationQueue.m */,
				4D5ABBEA1143199200F689D2 /* HRRequestOperation.h */,
				4D5ABBEB1143199200F689D2 /* HRRequestOperation.m */,
				4D5ABBEC1143199200F689D2 /* HRResponseDelegate.h */,
				4D5ABBED1143199200F689D2 /* HRRestModel.h */,
				4D5ABBEE1143199200F689D2 /* HRRestModel.m */,
				4D5ABBEF1143199200F689D2 /* HTTPRiot.h */,
				4D5ABBF01143199200F689D2 /* HTTPRiot_Prefix.pch */,
				4D5ABBF11143199200F689D2 /* Utilities */,
				4D5ABBF41143199200F689D2 /* Vendor */,
			);
			path = "httpriot-0.6.6";
			sourceTree = "<group>";
		};
		4D5ABBD91143199200F689D2 /* Extensions */ = {
			isa = PBXGroup;
			children = (
				4D5ABBDA1143199200F689D2 /* NSDictionary+ParamUtils.h */,
				4D5ABBDB1143199200F689D2 /* NSDictionary+ParamUtils.m */,
				4D5ABBDC1143199200F689D2 /* NSObject+InvocationUtils.h */,
				4D5ABBDD1143199200F689D2 /* NSObject+InvocationUtils.m */,
				4D5ABBDE1143199200F689D2 /* NSString+EscapingUtils.h */,
				4D5ABBDF1143199200F689D2 /* NSString+EscapingUtils.m */,
			);
			path = Extensions;
			sourceTree = "<group>";
		};
		4D5ABBE01143199200F689D2 /* Formatters */ = {
			isa = PBXGroup;
			children = (
				4D5ABBE11143199200F689D2 /* HRFormatJSON.h */,
				4D5ABBE21143199200F689D2 /* HRFormatJSON.m */,
				4D5ABBE31143199200F689D2 /* HRFormatterProtocol.h */,
				4D5ABBE41143199200F689D2 /* HRFormatXML.h */,
				4D5ABBE51143199200F689D2 /* HRFormatXML.m */,
			);
			path = Formatters;
			sourceTree = "<group>";
		};
		4D5ABBF11143199200F689D2 /* Utilities */ = {
			isa = PBXGroup;
			children = (
				4D5ABBF21143199200F689D2 /* HRBase64.h */,
				4D5ABBF31143199200F689D2 /* HRBase64.m */,
			);
			path = Utilities;
			sourceTree = "<group>";
		};
		4D5ABBF41143199200F689D2 /* Vendor */ = {
			isa = PBXGroup;
			children = (
				4D5ABBF51143199200F689D2 /* AIXMLSerialization */,
				4D5ABBFB1143199200F689D2 /* gh-unit-iphone */,
				4D5ABC0D1143199200F689D2 /* JSON */,
				4D5ABC1C1143199200F689D2 /* KissXML */,
			);
			path = Vendor;
			sourceTree = "<group>";
		};
		4D5ABBF51143199200F689D2 /* AIXMLSerialization */ = {
			isa = PBXGroup;
			children = (
				4D5ABBF61143199200F689D2 /* AIXMLDocumentSerialize.h */,
				4D5ABBF71143199200F689D2 /* AIXMLDocumentSerialize.m */,
				4D5ABBF81143199200F689D2 /* AIXMLElementSerialize.h */,
				4D5ABBF91143199200F689D2 /* AIXMLElementSerialize.m */,
				4D5ABBFA1143199200F689D2 /* AIXMLSerialization.h */,
			);
			path = AIXMLSerialization;
			sourceTree = "<group>";
		};
		4D5ABBFB1143199200F689D2 /* gh-unit-iphone */ = {
			isa = PBXGroup;
			children = (
				4D5ABBFC1143199200F689D2 /* GHAsyncTestCase.h */,
				4D5ABBFD1143199200F689D2 /* GHMockCLLocationManager.h */,
				4D5ABBFE1143199200F689D2 /* GHMockNSHTTPURLResponse.h */,
				4D5ABBFF1143199200F689D2 /* GHMockNSURLConnection.h */,
				4D5ABC001143199200F689D2 /* GHNSLocale+Mock.h */,
				4D5ABC011143199200F689D2 /* GHTest.h */,
				4D5ABC021143199200F689D2 /* GHTestCase.h */,
				4D5ABC031143199200F689D2 /* GHTestGroup.h */,
				4D5ABC041143199200F689D2 /* GHTesting.h */,
				4D5ABC051143199200F689D2 /* GHTestMacros.h */,
				4D5ABC061143199200F689D2 /* GHTestRunner.h */,
				4D5ABC071143199200F689D2 /* GHTestSuite.h */,
				4D5ABC081143199200F689D2 /* GHUITestCase.h */,
				4D5ABC091143199200F689D2 /* GHUnit.h */,
				4D5ABC0A1143199200F689D2 /* GHUNSObject+Swizzle.h */,
				4D5ABC0B1143199200F689D2 /* libGHUnitIPhone2_1.a */,
				4D5ABC0C1143199200F689D2 /* RunTests.sh */,
			);
			path = "gh-unit-iphone";
			sourceTree = "<group>";
		};
		4D5ABC0D1143199200F689D2 /* JSON */ = {
			isa = PBXGroup;
			children = (
				4D5ABC0E1143199200F689D2 /* CREDITS */,
				4D5ABC0F1143199200F689D2 /* JSON.h */,
				4D5ABC101143199200F689D2 /* NSObject+SBJSON.h */,
				4D5ABC111143199200F689D2 /* NSObject+SBJSON.m */,
				4D5ABC121143199200F689D2 /* NSString+SBJSON.h */,
				4D5ABC131143199200F689D2 /* NSString+SBJSON.m */,
				4D5ABC141143199200F689D2 /* SBJSON.h */,
				4D5ABC151143199200F689D2 /* SBJSON.m */,
				4D5ABC161143199200F689D2 /* SBJsonBase.h */,
				4D5ABC171143199200F689D2 /* SBJsonBase.m */,
				4D5ABC181143199200F689D2 /* SBJsonParser.h */,
				4D5ABC191143199200F689D2 /* SBJsonParser.m */,
				4D5ABC1A1143199200F689D2 /* SBJsonWriter.h */,
				4D5ABC1B1143199200F689D2 /* SBJsonWriter.m */,
			);
			path = JSON;
			sourceTree = "<group>";
		};
		4D5ABC1C1143199200F689D2 /* KissXML */ = {
			isa = PBXGroup;
			children = (
				4D5ABC1D1143199200F689D2 /* DDXML.h */,
				4D5ABC1E1143199200F689D2 /* DDXMLDocument.h */,
				4D5ABC1F1143199200F689D2 /* DDXMLDocument.m */,
				4D5ABC201143199200F689D2 /* DDXMLElement.h */,
				4D5ABC211143199200F689D2 /* DDXMLElement.m */,
				4D5ABC221143199200F689D2 /* DDXMLElementAdditions.h */,
				4D5ABC231143199200F689D2 /* DDXMLElementAdditions.m */,
				4D5ABC241143199200F689D2 /* DDXMLNode.h */,
				4D5ABC251143199200F689D2 /* DDXMLNode.m */,
				4D5ABC261143199200F689D2 /* DDXMLPrivate.h */,
				4D5ABC271143199200F689D2 /* NSStringAdditions.h */,
				4D5ABC281143199200F689D2 /* NSStringAdditions.m */,
			);
			path = KissXML;
			sourceTree = "<group>";
		};
		4D5ABC291143199200F689D2 /* Models */ = {
			isa = PBXGroup;
			children = (
				4D5ABC2A1143199200F689D2 /* Model.h */,
				4D5ABC2B1143199200F689D2 /* Model.m */,
				4D5ABC2C1143199200F689D2 /* Webcam.h */,
				4D5ABC2D1143199200F689D2 /* Webcam.m */,
			);
			path = Models;
			sourceTree = "<group>";
		};
		4D5ABC2E1143199200F689D2 /* Utilities */ = {
			isa = PBXGroup;
			children = (
				4D5ABC2F1143199200F689D2 /* AsyncArtworkFetcher.h */,
				4D5ABC301143199200F689D2 /* AsyncArtworkFetcher.m */,
				4D5ABC311143199200F689D2 /* CGPointUtil.h */,
				4D5ABC321143199200F689D2 /* CGPointUtil.m */,
			);
			path = Utilities;
			sourceTree = "<group>";
		};
		4D5ABC331143199200F689D2 /* Views */ = {
			isa = PBXGroup;
			children = (
				4D5ABC341143199200F689D2 /* AnimatedSphereView.h */,
				4D5ABC351143199200F689D2 /* AnimatedSphereView.mm */,
				4D5ABC361143199200F689D2 /* BubbleMarkerView.h */,
				4D5ABC371143199200F689D2 /* BubbleMarkerView.m */,
				4D5ABC381143199200F689D2 /* CubeView.h */,
				4D5ABC391143199200F689D2 /* CubeView.mm */,
				4D5ABC3A1143199200F689D2 /* RoundedLabelMarkerView.h */,
				4D5ABC3B1143199200F689D2 /* RoundedLabelMarkerView.m */,
				4D5ABC3C1143199200F689D2 /* SphereView.h */,
				4D5ABC3D1143199200F689D2 /* SphereView.mm */,
				4D5ABC3E1143199200F689D2 /* TexturedGeometryView.h */,
				4D5ABC3F1143199200F689D2 /* TexturedGeometryView.mm */,
			);
			path = Views;
			sourceTree = "<group>";
		};
/* End PBXGroup section */

/* Begin PBXNativeTarget section */
		1D6058900D05DD3D006BFB54 /* Panoramic */ = {
			isa = PBXNativeTarget;
			buildConfigurationList = 1D6058960D05DD3E006BFB54 /* Build configuration list for PBXNativeTarget "Panoramic" */;
			buildPhases = (
				1D60588D0D05DD3D006BFB54 /* Resources */,
				1D60588E0D05DD3D006BFB54 /* Sources */,
				1D60588F0D05DD3D006BFB54 /* Frameworks */,
			);
			buildRules = (
			);
			dependencies = (
			);
			name = Panoramic;
			productName = PointAndTilt;
			productReference = 1D6058910D05DD3D006BFB54 /* Panoramic.app */;
			productType = "com.apple.product-type.application";
		};
/* End PBXNativeTarget section */

/* Begin PBXProject section */
		29B97313FDCFA39411CA2CEA /* Project object */ = {
			isa = PBXProject;
			buildConfigurationList = C01FCF4E08A954540054247B /* Build configuration list for PBXProject "Panoramic" */;
			compatibilityVersion = "Xcode 3.1";
			hasScannedForEncodings = 1;
			knownRegions = (
				English,
				Japanese,
				French,
				German,
				en,
			);
			mainGroup = 29B97314FDCFA39411CA2CEA /* CustomTemplate */;
			projectDirPath = "";
			projectRoot = "";
			targets = (
				1D6058900D05DD3D006BFB54 /* Panoramic */,
			);
		};
/* End PBXProject section */

/* Begin PBXResourcesBuildPhase section */
		1D60588D0D05DD3D006BFB54 /* Resources */ = {
			isa = PBXResourcesBuildPhase;
			buildActionMask = 2147483647;
			files = (
				280E754D0DD40C5E005A515E /* FlipsideView.xib in Resources */,
				280E754E0DD40C5E005A515E /* MainView.xib in Resources */,
				280E754F0DD40C5E005A515E /* MainWindow.xib in Resources */,
				4D59E6631130B28B00AD04A7 /* 3dar.plist in Resources */,
				4D59E6641130B28B00AD04A7 /* 3dar_logo.png in Resources */,
				4D59E6651130B28B00AD04A7 /* 3dar_marker_icon1.png in Resources */,
				4D59E6661130B28B00AD04A7 /* 3dar_marker_icon2.png in Resources */,
				4D59E6671130B28B00AD04A7 /* 3dar_marker_icon3.png in Resources */,
				4D59E6681130B28B00AD04A7 /* 3dar_marker_icon4.png in Resources */,
				4D59E6691130B28B00AD04A7 /* 3dar_marker_icon5.png in Resources */,
				4D59E66A1130B28B00AD04A7 /* 3dar_marker_icon6.png in Resources */,
				4D59E6C31130B40F00AD04A7 /* Default.png in Resources */,
				4D59E6C41130B40F00AD04A7 /* Icon.png in Resources */,
				4D59E6D11130B43400AD04A7 /* SM3DAR_keys.txt in Resources */,
				4D59E6D21130B43400AD04A7 /* bubble1.png in Resources */,
				4D59E6D31130B43400AD04A7 /* compass_rose.png in Resources */,
				4D362E401132F3B800B4724A /* DPad_BG.png in Resources */,
				4D362E411132F3B800B4724A /* 64_white.png in Resources */,
				4D362E421132F3B800B4724A /* 128_white.png in Resources */,
				4D362F87113314D700B4724A /* 84_white.png in Resources */,
				4D7350E511349C0A00331FE3 /* sphere.pano.png in Resources */,
				4D7350E711349FC800331FE3 /* cube.pano.png in Resources */,
				4DF508261141926100F55C3F /* sphere.test.pano.png in Resources */,
				4DF5082B1141937E00F55C3F /* sphere.schauspielhaus_hamburg.pano.png in Resources */,
				4DF5082D114193C200F55C3F /* sphere.timezones.pano.png in Resources */,
				4D5ABC471143199200F689D2 /* sphere.obj in Resources */,
				4D5ABC481143199200F689D2 /* sphere_texture1.png in Resources */,
				4D5ABC5B1143199200F689D2 /* RunTests.sh in Resources */,
				4D5ABC5C1143199200F689D2 /* CREDITS in Resources */,
			);
			runOnlyForDeploymentPostprocessing = 0;
		};
/* End PBXResourcesBuildPhase section */

/* Begin PBXSourcesBuildPhase section */
		1D60588E0D05DD3D006BFB54 /* Sources */ = {
			isa = PBXSourcesBuildPhase;
			buildActionMask = 2147483647;
			files = (
				1D60589B0D05DD56006BFB54 /* main.m in Sources */,
				1D3623260D0F684500981E51 /* Panoramic.m in Sources */,
				289233A60DB2D0840083E9F9 /* FlipsideView.m in Sources */,
				289233A70DB2D0840083E9F9 /* MainView.m in Sources */,
				289233AE0DB2D0DB0083E9F9 /* MainViewController.m in Sources */,
				289233B00DB2D0DB0083E9F9 /* FlipsideViewController.m in Sources */,
				4D5ABC401143199200F689D2 /* APIClient.m in Sources */,
				4D5ABC411143199200F689D2 /* WebcamsTravelClient.m in Sources */,
				4D5ABC421143199200F689D2 /* YahooLocalSearch.m in Sources */,
				4D5ABC431143199200F689D2 /* UIApplication_TLCommon.m in Sources */,
				4D5ABC441143199200F689D2 /* UIColor_Expanded.m in Sources */,
				4D5ABC451143199200F689D2 /* Dpad.m in Sources */,
				4D5ABC461143199200F689D2 /* Joystick.m in Sources */,
				4D5ABC491143199200F689D2 /* BSJSONEncoder.m in Sources */,
				4D5ABC4A1143199200F689D2 /* NSArray+BSJSONAdditions.m in Sources */,
				4D5ABC4B1143199200F689D2 /* NSDictionary+BSJSONAdditions.m in Sources */,
				4D5ABC4C1143199200F689D2 /* NSScanner+BSJSONAdditions.m in Sources */,
				4D5ABC4D1143199200F689D2 /* NSString+BSJSONAdditions.m in Sources */,
				4D5ABC4E1143199200F689D2 /* NSDictionary+ParamUtils.m in Sources */,
				4D5ABC4F1143199200F689D2 /* NSObject+InvocationUtils.m in Sources */,
				4D5ABC501143199200F689D2 /* NSString+EscapingUtils.m in Sources */,
				4D5ABC511143199200F689D2 /* HRFormatJSON.m in Sources */,
				4D5ABC521143199200F689D2 /* HRFormatXML.m in Sources */,
				4D5ABC531143199200F689D2 /* HRGlobal.m in Sources */,
				4D5ABC541143199200F689D2 /* HROperationQueue.m in Sources */,
				4D5ABC551143199200F689D2 /* HRRequestOperation.m in Sources */,
				4D5ABC561143199200F689D2 /* HRRestModel.m in Sources */,
				4D5ABC571143199200F689D2 /* HRBase64.m in Sources */,
				4D5ABC581143199200F689D2 /* AIXMLDocumentSerialize.m in Sources */,
				4D5ABC591143199200F689D2 /* AIXMLElementSerialize.m in Sources */,
				4D5ABC5D1143199200F689D2 /* NSObject+SBJSON.m in Sources */,
				4D5ABC5E1143199200F689D2 /* NSString+SBJSON.m in Sources */,
				4D5ABC5F1143199200F689D2 /* SBJSON.m in Sources */,
				4D5ABC601143199200F689D2 /* SBJsonBase.m in Sources */,
				4D5ABC611143199200F689D2 /* SBJsonParser.m in Sources */,
				4D5ABC621143199200F689D2 /* SBJsonWriter.m in Sources */,
				4D5ABC631143199200F689D2 /* DDXMLDocument.m in Sources */,
				4D5ABC641143199200F689D2 /* DDXMLElement.m in Sources */,
				4D5ABC651143199200F689D2 /* DDXMLElementAdditions.m in Sources */,
				4D5ABC661143199200F689D2 /* DDXMLNode.m in Sources */,
				4D5ABC671143199200F689D2 /* NSStringAdditions.m in Sources */,
				4D5ABC681143199200F689D2 /* Model.m in Sources */,
				4D5ABC691143199200F689D2 /* Webcam.m in Sources */,
				4D5ABC6A1143199200F689D2 /* AsyncArtworkFetcher.m in Sources */,
				4D5ABC6B1143199200F689D2 /* CGPointUtil.m in Sources */,
				4D5ABC6C1143199200F689D2 /* AnimatedSphereView.mm in Sources */,
				4D5ABC6D1143199200F689D2 /* BubbleMarkerView.m in Sources */,
				4D5ABC6E1143199200F689D2 /* CubeView.mm in Sources */,
				4D5ABC6F1143199200F689D2 /* RoundedLabelMarkerView.m in Sources */,
				4D5ABC701143199200F689D2 /* SphereView.mm in Sources */,
				4D5ABC711143199200F689D2 /* TexturedGeometryView.mm in Sources */,
			);
			runOnlyForDeploymentPostprocessing = 0;
		};
/* End PBXSourcesBuildPhase section */

/* Begin XCBuildConfiguration section */
		1D6058940D05DD3E006BFB54 /* Debug */ = {
			isa = XCBuildConfiguration;
			buildSettings = {
				ALWAYS_SEARCH_USER_PATHS = NO;
				COPY_PHASE_STRIP = NO;
				GCC_DYNAMIC_NO_PIC = NO;
				GCC_OPTIMIZATION_LEVEL = 0;
				GCC_PRECOMPILE_PREFIX_HEADER = YES;
				GCC_PREFIX_HEADER = Panoramic_Prefix.pch;
				HEADER_SEARCH_PATHS = "/usr/include/libxml2/**";
				INFOPLIST_FILE = "Panoramic-Info.plist";
				LIBRARY_SEARCH_PATHS = (
					"$(inherited)",
					"\"$(SRCROOT)/SM3DAR\"",
					"\"$(SRCROOT)/SM3DAR_Common/Lib/HTTPRiot/httpriot-0.6.6/Vendor/gh-unit-iphone\"",
					"\"$(SRCROOT)/../../SM3DARLibrary/SM3DARLibary/build/Debug-iphoneos\"",
					"\"$(SRCROOT)/SM3DAR_Common/Data\"",
				);
				OTHER_LDFLAGS = (
					"-lxml2",
					"-lstdc++",
				);
				PRODUCT_NAME = Panoramic;
			};
			name = Debug;
		};
		1D6058950D05DD3E006BFB54 /* Release */ = {
			isa = XCBuildConfiguration;
			buildSettings = {
				ALWAYS_SEARCH_USER_PATHS = NO;
				COPY_PHASE_STRIP = YES;
				GCC_PRECOMPILE_PREFIX_HEADER = YES;
				GCC_PREFIX_HEADER = Panoramic_Prefix.pch;
				HEADER_SEARCH_PATHS = "/usr/include/libxml2/**";
				INFOPLIST_FILE = "Panoramic-Info.plist";
				LIBRARY_SEARCH_PATHS = (
					"$(inherited)",
					"\"$(SRCROOT)/SM3DAR\"",
					"\"$(SRCROOT)/SM3DAR_Common/Lib/HTTPRiot/httpriot-0.6.6/Vendor/gh-unit-iphone\"",
					"\"$(SRCROOT)/../../SM3DARLibrary/SM3DARLibary/build/Debug-iphoneos\"",
					"\"$(SRCROOT)/SM3DAR_Common/Data\"",
				);
				OTHER_LDFLAGS = (
					"-lxml2",
					"-lstdc++",
				);
				PRODUCT_NAME = Panoramic;
			};
			name = Release;
		};
		C01FCF4F08A954540054247B /* Debug */ = {
			isa = XCBuildConfiguration;
			buildSettings = {
				ARCHS = "$(ARCHS_STANDARD_32_BIT)";
				"CODE_SIGN_IDENTITY[sdk=iphoneos*]" = "iPhone Developer";
				GCC_C_LANGUAGE_STANDARD = c99;
				GCC_WARN_ABOUT_RETURN_TYPE = YES;
				GCC_WARN_UNUSED_VARIABLE = YES;
				HEADER_SEARCH_PATHS = "/usr/include/libxml2/**";
				OTHER_LDFLAGS = "";
				PREBINDING = NO;
				SDKROOT = iphoneos3.1;
			};
			name = Debug;
		};
		C01FCF5008A954540054247B /* Release */ = {
			isa = XCBuildConfiguration;
			buildSettings = {
				ARCHS = "$(ARCHS_STANDARD_32_BIT)";
				"CODE_SIGN_IDENTITY[sdk=iphoneos*]" = "iPhone Developer";
				GCC_C_LANGUAGE_STANDARD = c99;
				GCC_WARN_ABOUT_RETURN_TYPE = YES;
				GCC_WARN_UNUSED_VARIABLE = YES;
				HEADER_SEARCH_PATHS = "/usr/include/libxml2/**";
				OTHER_LDFLAGS = "";
				PREBINDING = NO;
				SDKROOT = iphoneos3.1;
			};
			name = Release;
		};
/* End XCBuildConfiguration section */

/* Begin XCConfigurationList section */
		1D6058960D05DD3E006BFB54 /* Build configuration list for PBXNativeTarget "Panoramic" */ = {
			isa = XCConfigurationList;
			buildConfigurations = (
				1D6058940D05DD3E006BFB54 /* Debug */,
				1D6058950D05DD3E006BFB54 /* Release */,
			);
			defaultConfigurationIsVisible = 0;
			defaultConfigurationName = Release;
		};
		C01FCF4E08A954540054247B /* Build configuration list for PBXProject "Panoramic" */ = {
			isa = XCConfigurationList;
			buildConfigurations = (
				C01FCF4F08A954540054247B /* Debug */,
				C01FCF5008A954540054247B /* Release */,
			);
			defaultConfigurationIsVisible = 0;
			defaultConfigurationName = Release;
		};
/* End XCConfigurationList section */
	};
	rootObject = 29B97313FDCFA39411CA2CEA /* Project object */;
}
